// !$*UTF8*$!
{
	archiveVersion = 1;
	classes = {
	};
	objectVersion = 56;
	objects = {

/* Begin PBXBuildFile section */
		D14228ED2928670000784508 /* SignUpViewController.swift in Sources */ = {isa = PBXBuildFile; fileRef = D14228EC2928670000784508 /* SignUpViewController.swift */; };
		D14228EF2928672600784508 /* SignUpViewController.storyboard in Resources */ = {isa = PBXBuildFile; fileRef = D14228EE2928672600784508 /* SignUpViewController.storyboard */; };
		D14C4AF529675A8200065186 /* GoogleService-Info.plist in Resources */ = {isa = PBXBuildFile; fileRef = D14C4AF429675A8200065186 /* GoogleService-Info.plist */; };
		D14C4AF829675BC700065186 /* FirebaseAuth in Frameworks */ = {isa = PBXBuildFile; productRef = D14C4AF729675BC700065186 /* FirebaseAuth */; };
		D172D425293CF37500C7C068 /* ResetPasswordViewController.swift in Sources */ = {isa = PBXBuildFile; fileRef = D172D424293CF37500C7C068 /* ResetPasswordViewController.swift */; };
		D172D427293CF3B300C7C068 /* ResetPasswordViewController.storyboard in Resources */ = {isa = PBXBuildFile; fileRef = D172D426293CF3B300C7C068 /* ResetPasswordViewController.storyboard */; };
<<<<<<< HEAD
		D17548C7294B8E32002E65B8 /* UIViewController+Extension.swift in Sources */ = {isa = PBXBuildFile; fileRef = D17548C6294B8E32002E65B8 /* UIViewController+Extension.swift */; };
=======
		D17548CA294E7576002E65B8 /* HomeViewController.swift in Sources */ = {isa = PBXBuildFile; fileRef = D17548C9294E7576002E65B8 /* HomeViewController.swift */; };
		D17548CC294E76E1002E65B8 /* HomeViewController.storyboard in Resources */ = {isa = PBXBuildFile; fileRef = D17548CB294E76E1002E65B8 /* HomeViewController.storyboard */; };
		D17548D1294E7935002E65B8 /* ProfileViewController.swift in Sources */ = {isa = PBXBuildFile; fileRef = D17548D0294E7935002E65B8 /* ProfileViewController.swift */; };
		D17548D5294E7963002E65B8 /* DetailsViewController.swift in Sources */ = {isa = PBXBuildFile; fileRef = D17548D4294E7963002E65B8 /* DetailsViewController.swift */; };
		D17548D7294E7972002E65B8 /* DetailsViewController.storyboard in Resources */ = {isa = PBXBuildFile; fileRef = D17548D6294E7972002E65B8 /* DetailsViewController.storyboard */; };
		D17548D9294E798C002E65B8 /* NewDestinationViewController.swift in Sources */ = {isa = PBXBuildFile; fileRef = D17548D8294E798C002E65B8 /* NewDestinationViewController.swift */; };
		D17548DB294E7999002E65B8 /* NewDestinationViewController.storyboard in Resources */ = {isa = PBXBuildFile; fileRef = D17548DA294E7999002E65B8 /* NewDestinationViewController.storyboard */; };
>>>>>>> feature/home
		D1BAFB54291D3FBD007194C5 /* AppDelegate.swift in Sources */ = {isa = PBXBuildFile; fileRef = D1BAFB53291D3FBD007194C5 /* AppDelegate.swift */; };
		D1BAFB56291D3FBD007194C5 /* SceneDelegate.swift in Sources */ = {isa = PBXBuildFile; fileRef = D1BAFB55291D3FBD007194C5 /* SceneDelegate.swift */; };
		D1BAFB58291D3FBD007194C5 /* ViewController.swift in Sources */ = {isa = PBXBuildFile; fileRef = D1BAFB57291D3FBD007194C5 /* ViewController.swift */; };
		D1BAFB5B291D3FBD007194C5 /* Main.storyboard in Resources */ = {isa = PBXBuildFile; fileRef = D1BAFB59291D3FBD007194C5 /* Main.storyboard */; };
		D1BAFB5D291D3FBF007194C5 /* Assets.xcassets in Resources */ = {isa = PBXBuildFile; fileRef = D1BAFB5C291D3FBF007194C5 /* Assets.xcassets */; };
		D1BAFB60291D3FBF007194C5 /* LaunchScreen.storyboard in Resources */ = {isa = PBXBuildFile; fileRef = D1BAFB5E291D3FBF007194C5 /* LaunchScreen.storyboard */; };
		D1BAFB81291D48A0007194C5 /* Urbanist-VariableFont_wght.ttf in Resources */ = {isa = PBXBuildFile; fileRef = D1BAFB6A291D48A0007194C5 /* Urbanist-VariableFont_wght.ttf */; };
		D1BAFB82291D48A0007194C5 /* Urbanist-Bold.ttf in Resources */ = {isa = PBXBuildFile; fileRef = D1BAFB6C291D48A0007194C5 /* Urbanist-Bold.ttf */; };
		D1BAFB83291D48A0007194C5 /* Urbanist-Regular.ttf in Resources */ = {isa = PBXBuildFile; fileRef = D1BAFB6D291D48A0007194C5 /* Urbanist-Regular.ttf */; };
		D1BAFB84291D48A0007194C5 /* Urbanist-LightItalic.ttf in Resources */ = {isa = PBXBuildFile; fileRef = D1BAFB6E291D48A0007194C5 /* Urbanist-LightItalic.ttf */; };
		D1BAFB85291D48A0007194C5 /* Urbanist-ExtraLightItalic.ttf in Resources */ = {isa = PBXBuildFile; fileRef = D1BAFB6F291D48A0007194C5 /* Urbanist-ExtraLightItalic.ttf */; };
		D1BAFB86291D48A0007194C5 /* Urbanist-ExtraBoldItalic.ttf in Resources */ = {isa = PBXBuildFile; fileRef = D1BAFB70291D48A0007194C5 /* Urbanist-ExtraBoldItalic.ttf */; };
		D1BAFB87291D48A0007194C5 /* Urbanist-Thin.ttf in Resources */ = {isa = PBXBuildFile; fileRef = D1BAFB71291D48A0007194C5 /* Urbanist-Thin.ttf */; };
		D1BAFB88291D48A0007194C5 /* Urbanist-MediumItalic.ttf in Resources */ = {isa = PBXBuildFile; fileRef = D1BAFB72291D48A0007194C5 /* Urbanist-MediumItalic.ttf */; };
		D1BAFB89291D48A0007194C5 /* Urbanist-SemiBold.ttf in Resources */ = {isa = PBXBuildFile; fileRef = D1BAFB73291D48A0007194C5 /* Urbanist-SemiBold.ttf */; };
		D1BAFB8A291D48A0007194C5 /* Urbanist-Italic.ttf in Resources */ = {isa = PBXBuildFile; fileRef = D1BAFB74291D48A0007194C5 /* Urbanist-Italic.ttf */; };
		D1BAFB8B291D48A0007194C5 /* Urbanist-Black.ttf in Resources */ = {isa = PBXBuildFile; fileRef = D1BAFB75291D48A0007194C5 /* Urbanist-Black.ttf */; };
		D1BAFB8C291D48A0007194C5 /* Urbanist-BlackItalic.ttf in Resources */ = {isa = PBXBuildFile; fileRef = D1BAFB76291D48A0007194C5 /* Urbanist-BlackItalic.ttf */; };
		D1BAFB8D291D48A0007194C5 /* Urbanist-Light.ttf in Resources */ = {isa = PBXBuildFile; fileRef = D1BAFB77291D48A0007194C5 /* Urbanist-Light.ttf */; };
		D1BAFB8E291D48A0007194C5 /* Urbanist-SemiBoldItalic.ttf in Resources */ = {isa = PBXBuildFile; fileRef = D1BAFB78291D48A0007194C5 /* Urbanist-SemiBoldItalic.ttf */; };
		D1BAFB8F291D48A0007194C5 /* Urbanist-BoldItalic.ttf in Resources */ = {isa = PBXBuildFile; fileRef = D1BAFB79291D48A0007194C5 /* Urbanist-BoldItalic.ttf */; };
		D1BAFB90291D48A0007194C5 /* Urbanist-ExtraBold.ttf in Resources */ = {isa = PBXBuildFile; fileRef = D1BAFB7A291D48A0007194C5 /* Urbanist-ExtraBold.ttf */; };
		D1BAFB91291D48A0007194C5 /* Urbanist-Medium.ttf in Resources */ = {isa = PBXBuildFile; fileRef = D1BAFB7B291D48A0007194C5 /* Urbanist-Medium.ttf */; };
		D1BAFB92291D48A0007194C5 /* Urbanist-ExtraLight.ttf in Resources */ = {isa = PBXBuildFile; fileRef = D1BAFB7C291D48A0007194C5 /* Urbanist-ExtraLight.ttf */; };
		D1BAFB93291D48A0007194C5 /* Urbanist-ThinItalic.ttf in Resources */ = {isa = PBXBuildFile; fileRef = D1BAFB7D291D48A0007194C5 /* Urbanist-ThinItalic.ttf */; };
		D1BAFB96291D48A0007194C5 /* Urbanist-Italic-VariableFont_wght.ttf in Resources */ = {isa = PBXBuildFile; fileRef = D1BAFB80291D48A0007194C5 /* Urbanist-Italic-VariableFont_wght.ttf */; };
		D1D8090D295C9B0700B04ADA /* TabBarController.swift in Sources */ = {isa = PBXBuildFile; fileRef = D1D8090C295C9B0700B04ADA /* TabBarController.swift */; };
		D1E2735E296CED5B00ED5441 /* LocationManager.swift in Sources */ = {isa = PBXBuildFile; fileRef = D1E2735D296CED5B00ED5441 /* LocationManager.swift */; };
/* End PBXBuildFile section */

/* Begin PBXFileReference section */
		D14228EC2928670000784508 /* SignUpViewController.swift */ = {isa = PBXFileReference; lastKnownFileType = sourcecode.swift; path = SignUpViewController.swift; sourceTree = "<group>"; };
		D14228EE2928672600784508 /* SignUpViewController.storyboard */ = {isa = PBXFileReference; lastKnownFileType = file.storyboard; path = SignUpViewController.storyboard; sourceTree = "<group>"; };
		D14C4AF429675A8200065186 /* GoogleService-Info.plist */ = {isa = PBXFileReference; fileEncoding = 4; lastKnownFileType = text.plist.xml; path = "GoogleService-Info.plist"; sourceTree = "<group>"; };
		D172D424293CF37500C7C068 /* ResetPasswordViewController.swift */ = {isa = PBXFileReference; lastKnownFileType = sourcecode.swift; path = ResetPasswordViewController.swift; sourceTree = "<group>"; };
		D172D426293CF3B300C7C068 /* ResetPasswordViewController.storyboard */ = {isa = PBXFileReference; lastKnownFileType = file.storyboard; path = ResetPasswordViewController.storyboard; sourceTree = "<group>"; };
<<<<<<< HEAD
		D17548C6294B8E32002E65B8 /* UIViewController+Extension.swift */ = {isa = PBXFileReference; lastKnownFileType = sourcecode.swift; path = "UIViewController+Extension.swift"; sourceTree = "<group>"; };
=======
		D17548C9294E7576002E65B8 /* HomeViewController.swift */ = {isa = PBXFileReference; lastKnownFileType = sourcecode.swift; path = HomeViewController.swift; sourceTree = "<group>"; };
		D17548CB294E76E1002E65B8 /* HomeViewController.storyboard */ = {isa = PBXFileReference; lastKnownFileType = file.storyboard; path = HomeViewController.storyboard; sourceTree = "<group>"; };
		D17548D0294E7935002E65B8 /* ProfileViewController.swift */ = {isa = PBXFileReference; lastKnownFileType = sourcecode.swift; path = ProfileViewController.swift; sourceTree = "<group>"; };
		D17548D4294E7963002E65B8 /* DetailsViewController.swift */ = {isa = PBXFileReference; lastKnownFileType = sourcecode.swift; path = DetailsViewController.swift; sourceTree = "<group>"; };
		D17548D6294E7972002E65B8 /* DetailsViewController.storyboard */ = {isa = PBXFileReference; lastKnownFileType = file.storyboard; path = DetailsViewController.storyboard; sourceTree = "<group>"; };
		D17548D8294E798C002E65B8 /* NewDestinationViewController.swift */ = {isa = PBXFileReference; lastKnownFileType = sourcecode.swift; path = NewDestinationViewController.swift; sourceTree = "<group>"; };
		D17548DA294E7999002E65B8 /* NewDestinationViewController.storyboard */ = {isa = PBXFileReference; lastKnownFileType = file.storyboard; path = NewDestinationViewController.storyboard; sourceTree = "<group>"; };
>>>>>>> feature/home
		D1BAFB50291D3FBD007194C5 /* vamosPraOndeApp.app */ = {isa = PBXFileReference; explicitFileType = wrapper.application; includeInIndex = 0; path = vamosPraOndeApp.app; sourceTree = BUILT_PRODUCTS_DIR; };
		D1BAFB53291D3FBD007194C5 /* AppDelegate.swift */ = {isa = PBXFileReference; lastKnownFileType = sourcecode.swift; path = AppDelegate.swift; sourceTree = "<group>"; };
		D1BAFB55291D3FBD007194C5 /* SceneDelegate.swift */ = {isa = PBXFileReference; lastKnownFileType = sourcecode.swift; path = SceneDelegate.swift; sourceTree = "<group>"; };
		D1BAFB57291D3FBD007194C5 /* ViewController.swift */ = {isa = PBXFileReference; lastKnownFileType = sourcecode.swift; path = ViewController.swift; sourceTree = "<group>"; };
		D1BAFB5A291D3FBD007194C5 /* Base */ = {isa = PBXFileReference; lastKnownFileType = file.storyboard; name = Base; path = Base.lproj/Main.storyboard; sourceTree = "<group>"; };
		D1BAFB5C291D3FBF007194C5 /* Assets.xcassets */ = {isa = PBXFileReference; lastKnownFileType = folder.assetcatalog; path = Assets.xcassets; sourceTree = "<group>"; };
		D1BAFB5F291D3FBF007194C5 /* Base */ = {isa = PBXFileReference; lastKnownFileType = file.storyboard; name = Base; path = Base.lproj/LaunchScreen.storyboard; sourceTree = "<group>"; };
		D1BAFB61291D3FBF007194C5 /* Info.plist */ = {isa = PBXFileReference; lastKnownFileType = text.plist.xml; path = Info.plist; sourceTree = "<group>"; };
		D1BAFB6A291D48A0007194C5 /* Urbanist-VariableFont_wght.ttf */ = {isa = PBXFileReference; lastKnownFileType = file; path = "Urbanist-VariableFont_wght.ttf"; sourceTree = "<group>"; };
		D1BAFB6C291D48A0007194C5 /* Urbanist-Bold.ttf */ = {isa = PBXFileReference; lastKnownFileType = file; path = "Urbanist-Bold.ttf"; sourceTree = "<group>"; };
		D1BAFB6D291D48A0007194C5 /* Urbanist-Regular.ttf */ = {isa = PBXFileReference; lastKnownFileType = file; path = "Urbanist-Regular.ttf"; sourceTree = "<group>"; };
		D1BAFB6E291D48A0007194C5 /* Urbanist-LightItalic.ttf */ = {isa = PBXFileReference; lastKnownFileType = file; path = "Urbanist-LightItalic.ttf"; sourceTree = "<group>"; };
		D1BAFB6F291D48A0007194C5 /* Urbanist-ExtraLightItalic.ttf */ = {isa = PBXFileReference; lastKnownFileType = file; path = "Urbanist-ExtraLightItalic.ttf"; sourceTree = "<group>"; };
		D1BAFB70291D48A0007194C5 /* Urbanist-ExtraBoldItalic.ttf */ = {isa = PBXFileReference; lastKnownFileType = file; path = "Urbanist-ExtraBoldItalic.ttf"; sourceTree = "<group>"; };
		D1BAFB71291D48A0007194C5 /* Urbanist-Thin.ttf */ = {isa = PBXFileReference; lastKnownFileType = file; path = "Urbanist-Thin.ttf"; sourceTree = "<group>"; };
		D1BAFB72291D48A0007194C5 /* Urbanist-MediumItalic.ttf */ = {isa = PBXFileReference; lastKnownFileType = file; path = "Urbanist-MediumItalic.ttf"; sourceTree = "<group>"; };
		D1BAFB73291D48A0007194C5 /* Urbanist-SemiBold.ttf */ = {isa = PBXFileReference; lastKnownFileType = file; path = "Urbanist-SemiBold.ttf"; sourceTree = "<group>"; };
		D1BAFB74291D48A0007194C5 /* Urbanist-Italic.ttf */ = {isa = PBXFileReference; lastKnownFileType = file; path = "Urbanist-Italic.ttf"; sourceTree = "<group>"; };
		D1BAFB75291D48A0007194C5 /* Urbanist-Black.ttf */ = {isa = PBXFileReference; lastKnownFileType = file; path = "Urbanist-Black.ttf"; sourceTree = "<group>"; };
		D1BAFB76291D48A0007194C5 /* Urbanist-BlackItalic.ttf */ = {isa = PBXFileReference; lastKnownFileType = file; path = "Urbanist-BlackItalic.ttf"; sourceTree = "<group>"; };
		D1BAFB77291D48A0007194C5 /* Urbanist-Light.ttf */ = {isa = PBXFileReference; lastKnownFileType = file; path = "Urbanist-Light.ttf"; sourceTree = "<group>"; };
		D1BAFB78291D48A0007194C5 /* Urbanist-SemiBoldItalic.ttf */ = {isa = PBXFileReference; lastKnownFileType = file; path = "Urbanist-SemiBoldItalic.ttf"; sourceTree = "<group>"; };
		D1BAFB79291D48A0007194C5 /* Urbanist-BoldItalic.ttf */ = {isa = PBXFileReference; lastKnownFileType = file; path = "Urbanist-BoldItalic.ttf"; sourceTree = "<group>"; };
		D1BAFB7A291D48A0007194C5 /* Urbanist-ExtraBold.ttf */ = {isa = PBXFileReference; lastKnownFileType = file; path = "Urbanist-ExtraBold.ttf"; sourceTree = "<group>"; };
		D1BAFB7B291D48A0007194C5 /* Urbanist-Medium.ttf */ = {isa = PBXFileReference; lastKnownFileType = file; path = "Urbanist-Medium.ttf"; sourceTree = "<group>"; };
		D1BAFB7C291D48A0007194C5 /* Urbanist-ExtraLight.ttf */ = {isa = PBXFileReference; lastKnownFileType = file; path = "Urbanist-ExtraLight.ttf"; sourceTree = "<group>"; };
		D1BAFB7D291D48A0007194C5 /* Urbanist-ThinItalic.ttf */ = {isa = PBXFileReference; lastKnownFileType = file; path = "Urbanist-ThinItalic.ttf"; sourceTree = "<group>"; };
		D1BAFB80291D48A0007194C5 /* Urbanist-Italic-VariableFont_wght.ttf */ = {isa = PBXFileReference; lastKnownFileType = file; path = "Urbanist-Italic-VariableFont_wght.ttf"; sourceTree = "<group>"; };
		D1D8090C295C9B0700B04ADA /* TabBarController.swift */ = {isa = PBXFileReference; lastKnownFileType = sourcecode.swift; path = TabBarController.swift; sourceTree = "<group>"; };
		D1E2735D296CED5B00ED5441 /* LocationManager.swift */ = {isa = PBXFileReference; lastKnownFileType = sourcecode.swift; path = LocationManager.swift; sourceTree = "<group>"; };
/* End PBXFileReference section */

/* Begin PBXFrameworksBuildPhase section */
		D1BAFB4D291D3FBD007194C5 /* Frameworks */ = {
			isa = PBXFrameworksBuildPhase;
			buildActionMask = 2147483647;
			files = (
				D14C4AF829675BC700065186 /* FirebaseAuth in Frameworks */,
			);
			runOnlyForDeploymentPostprocessing = 0;
		};
/* End PBXFrameworksBuildPhase section */

/* Begin PBXGroup section */
		D14228EB292866A700784508 /* SignUp */ = {
			isa = PBXGroup;
			children = (
				D14228EC2928670000784508 /* SignUpViewController.swift */,
				D14228EE2928672600784508 /* SignUpViewController.storyboard */,
			);
			path = SignUp;
			sourceTree = "<group>";
		};
		D172D423293CF2CC00C7C068 /* RecoveryPassword */ = {
			isa = PBXGroup;
			children = (
				D172D424293CF37500C7C068 /* ResetPasswordViewController.swift */,
				D172D426293CF3B300C7C068 /* ResetPasswordViewController.storyboard */,
			);
			path = RecoveryPassword;
			sourceTree = "<group>";
		};
		D17548C8294E7533002E65B8 /* Home e Profile */ = {
			isa = PBXGroup;
			children = (
				D1D8090C295C9B0700B04ADA /* TabBarController.swift */,
				D17548C9294E7576002E65B8 /* HomeViewController.swift */,
				D17548D0294E7935002E65B8 /* ProfileViewController.swift */,
				D17548CB294E76E1002E65B8 /* HomeViewController.storyboard */,
			);
			path = "Home e Profile";
			sourceTree = "<group>";
		};
		D17548CE294E7802002E65B8 /* Details */ = {
			isa = PBXGroup;
			children = (
				D17548D4294E7963002E65B8 /* DetailsViewController.swift */,
				D17548D6294E7972002E65B8 /* DetailsViewController.storyboard */,
			);
			path = Details;
			sourceTree = "<group>";
		};
		D17548CF294E780B002E65B8 /* NewDestination */ = {
			isa = PBXGroup;
			children = (
				D1E2735D296CED5B00ED5441 /* LocationManager.swift */,
				D17548D8294E798C002E65B8 /* NewDestinationViewController.swift */,
				D17548DA294E7999002E65B8 /* NewDestinationViewController.storyboard */,
			);
			path = NewDestination;
			sourceTree = "<group>";
		};
		D1A2F764293E3881002059AD /* Login */ = {
			isa = PBXGroup;
			children = (
				D1BAFB57291D3FBD007194C5 /* ViewController.swift */,
				D1BAFB59291D3FBD007194C5 /* Main.storyboard */,
			);
			path = Login;
			sourceTree = "<group>";
		};
		D1BAFB47291D3FBD007194C5 = {
			isa = PBXGroup;
			children = (
				D1BAFB52291D3FBD007194C5 /* vamosPraOndeApp */,
				D1BAFB51291D3FBD007194C5 /* Products */,
			);
			sourceTree = "<group>";
		};
		D1BAFB51291D3FBD007194C5 /* Products */ = {
			isa = PBXGroup;
			children = (
				D1BAFB50291D3FBD007194C5 /* vamosPraOndeApp.app */,
			);
			name = Products;
			sourceTree = "<group>";
		};
		D1BAFB52291D3FBD007194C5 /* vamosPraOndeApp */ = {
			isa = PBXGroup;
			children = (
				D1A2F764293E3881002059AD /* Login */,
				D14228EB292866A700784508 /* SignUp */,
				D172D423293CF2CC00C7C068 /* RecoveryPassword */,
				D17548C8294E7533002E65B8 /* Home e Profile */,
				D17548CE294E7802002E65B8 /* Details */,
				D17548CF294E780B002E65B8 /* NewDestination */,
				D1BAFB53291D3FBD007194C5 /* AppDelegate.swift */,
				D1BAFB55291D3FBD007194C5 /* SceneDelegate.swift */,
				D1BAFB5C291D3FBF007194C5 /* Assets.xcassets */,
				D1BAFB5E291D3FBF007194C5 /* LaunchScreen.storyboard */,
				D1BAFB69291D48A0007194C5 /* Urbanist */,
				D1BAFB61291D3FBF007194C5 /* Info.plist */,
<<<<<<< HEAD
				D17548C6294B8E32002E65B8 /* UIViewController+Extension.swift */,
=======
				D14C4AF429675A8200065186 /* GoogleService-Info.plist */,
>>>>>>> feature/home
			);
			path = vamosPraOndeApp;
			sourceTree = "<group>";
		};
		D1BAFB69291D48A0007194C5 /* Urbanist */ = {
			isa = PBXGroup;
			children = (
				D1BAFB6B291D48A0007194C5 /* static */,
				D1BAFB80291D48A0007194C5 /* Urbanist-Italic-VariableFont_wght.ttf */,
				D1BAFB6A291D48A0007194C5 /* Urbanist-VariableFont_wght.ttf */,
			);
			path = Urbanist;
			sourceTree = "<group>";
		};
		D1BAFB6B291D48A0007194C5 /* static */ = {
			isa = PBXGroup;
			children = (
				D1BAFB6C291D48A0007194C5 /* Urbanist-Bold.ttf */,
				D1BAFB6D291D48A0007194C5 /* Urbanist-Regular.ttf */,
				D1BAFB6E291D48A0007194C5 /* Urbanist-LightItalic.ttf */,
				D1BAFB6F291D48A0007194C5 /* Urbanist-ExtraLightItalic.ttf */,
				D1BAFB70291D48A0007194C5 /* Urbanist-ExtraBoldItalic.ttf */,
				D1BAFB71291D48A0007194C5 /* Urbanist-Thin.ttf */,
				D1BAFB72291D48A0007194C5 /* Urbanist-MediumItalic.ttf */,
				D1BAFB73291D48A0007194C5 /* Urbanist-SemiBold.ttf */,
				D1BAFB74291D48A0007194C5 /* Urbanist-Italic.ttf */,
				D1BAFB75291D48A0007194C5 /* Urbanist-Black.ttf */,
				D1BAFB76291D48A0007194C5 /* Urbanist-BlackItalic.ttf */,
				D1BAFB77291D48A0007194C5 /* Urbanist-Light.ttf */,
				D1BAFB78291D48A0007194C5 /* Urbanist-SemiBoldItalic.ttf */,
				D1BAFB79291D48A0007194C5 /* Urbanist-BoldItalic.ttf */,
				D1BAFB7A291D48A0007194C5 /* Urbanist-ExtraBold.ttf */,
				D1BAFB7B291D48A0007194C5 /* Urbanist-Medium.ttf */,
				D1BAFB7C291D48A0007194C5 /* Urbanist-ExtraLight.ttf */,
				D1BAFB7D291D48A0007194C5 /* Urbanist-ThinItalic.ttf */,
			);
			path = static;
			sourceTree = "<group>";
		};
/* End PBXGroup section */

/* Begin PBXNativeTarget section */
		D1BAFB4F291D3FBD007194C5 /* vamosPraOndeApp */ = {
			isa = PBXNativeTarget;
			buildConfigurationList = D1BAFB64291D3FBF007194C5 /* Build configuration list for PBXNativeTarget "vamosPraOndeApp" */;
			buildPhases = (
				D1BAFB4C291D3FBD007194C5 /* Sources */,
				D1BAFB4D291D3FBD007194C5 /* Frameworks */,
				D1BAFB4E291D3FBD007194C5 /* Resources */,
			);
			buildRules = (
			);
			dependencies = (
			);
			name = vamosPraOndeApp;
			packageProductDependencies = (
				D14C4AF729675BC700065186 /* FirebaseAuth */,
			);
			productName = vamosPraOndeApp;
			productReference = D1BAFB50291D3FBD007194C5 /* vamosPraOndeApp.app */;
			productType = "com.apple.product-type.application";
		};
/* End PBXNativeTarget section */

/* Begin PBXProject section */
		D1BAFB48291D3FBD007194C5 /* Project object */ = {
			isa = PBXProject;
			attributes = {
				BuildIndependentTargetsInParallel = 1;
				LastSwiftUpdateCheck = 1410;
				LastUpgradeCheck = 1410;
				TargetAttributes = {
					D1BAFB4F291D3FBD007194C5 = {
						CreatedOnToolsVersion = 14.1;
					};
				};
			};
			buildConfigurationList = D1BAFB4B291D3FBD007194C5 /* Build configuration list for PBXProject "vamosPraOndeApp" */;
			compatibilityVersion = "Xcode 14.0";
			developmentRegion = en;
			hasScannedForEncodings = 0;
			knownRegions = (
				en,
				Base,
			);
			mainGroup = D1BAFB47291D3FBD007194C5;
			packageReferences = (
				D14C4AF629675BC700065186 /* XCRemoteSwiftPackageReference "firebase-ios-sdk" */,
			);
			productRefGroup = D1BAFB51291D3FBD007194C5 /* Products */;
			projectDirPath = "";
			projectRoot = "";
			targets = (
				D1BAFB4F291D3FBD007194C5 /* vamosPraOndeApp */,
			);
		};
/* End PBXProject section */

/* Begin PBXResourcesBuildPhase section */
		D1BAFB4E291D3FBD007194C5 /* Resources */ = {
			isa = PBXResourcesBuildPhase;
			buildActionMask = 2147483647;
			files = (
				D17548CC294E76E1002E65B8 /* HomeViewController.storyboard in Resources */,
				D1BAFB85291D48A0007194C5 /* Urbanist-ExtraLightItalic.ttf in Resources */,
				D1BAFB84291D48A0007194C5 /* Urbanist-LightItalic.ttf in Resources */,
				D1BAFB88291D48A0007194C5 /* Urbanist-MediumItalic.ttf in Resources */,
				D1BAFB8F291D48A0007194C5 /* Urbanist-BoldItalic.ttf in Resources */,
				D1BAFB60291D3FBF007194C5 /* LaunchScreen.storyboard in Resources */,
				D1BAFB93291D48A0007194C5 /* Urbanist-ThinItalic.ttf in Resources */,
				D1BAFB8B291D48A0007194C5 /* Urbanist-Black.ttf in Resources */,
				D1BAFB82291D48A0007194C5 /* Urbanist-Bold.ttf in Resources */,
				D17548DB294E7999002E65B8 /* NewDestinationViewController.storyboard in Resources */,
				D172D427293CF3B300C7C068 /* ResetPasswordViewController.storyboard in Resources */,
				D1BAFB81291D48A0007194C5 /* Urbanist-VariableFont_wght.ttf in Resources */,
				D1BAFB8A291D48A0007194C5 /* Urbanist-Italic.ttf in Resources */,
				D1BAFB92291D48A0007194C5 /* Urbanist-ExtraLight.ttf in Resources */,
				D14228EF2928672600784508 /* SignUpViewController.storyboard in Resources */,
				D1BAFB5D291D3FBF007194C5 /* Assets.xcassets in Resources */,
				D1BAFB8C291D48A0007194C5 /* Urbanist-BlackItalic.ttf in Resources */,
				D1BAFB86291D48A0007194C5 /* Urbanist-ExtraBoldItalic.ttf in Resources */,
				D1BAFB8D291D48A0007194C5 /* Urbanist-Light.ttf in Resources */,
				D1BAFB96291D48A0007194C5 /* Urbanist-Italic-VariableFont_wght.ttf in Resources */,
				D17548D7294E7972002E65B8 /* DetailsViewController.storyboard in Resources */,
				D14C4AF529675A8200065186 /* GoogleService-Info.plist in Resources */,
				D1BAFB91291D48A0007194C5 /* Urbanist-Medium.ttf in Resources */,
				D1BAFB5B291D3FBD007194C5 /* Main.storyboard in Resources */,
				D1BAFB90291D48A0007194C5 /* Urbanist-ExtraBold.ttf in Resources */,
				D1BAFB8E291D48A0007194C5 /* Urbanist-SemiBoldItalic.ttf in Resources */,
				D1BAFB89291D48A0007194C5 /* Urbanist-SemiBold.ttf in Resources */,
				D1BAFB83291D48A0007194C5 /* Urbanist-Regular.ttf in Resources */,
				D1BAFB87291D48A0007194C5 /* Urbanist-Thin.ttf in Resources */,
			);
			runOnlyForDeploymentPostprocessing = 0;
		};
/* End PBXResourcesBuildPhase section */

/* Begin PBXSourcesBuildPhase section */
		D1BAFB4C291D3FBD007194C5 /* Sources */ = {
			isa = PBXSourcesBuildPhase;
			buildActionMask = 2147483647;
			files = (
<<<<<<< HEAD
				D17548C7294B8E32002E65B8 /* UIViewController+Extension.swift in Sources */,
=======
				D17548D9294E798C002E65B8 /* NewDestinationViewController.swift in Sources */,
>>>>>>> feature/home
				D1BAFB58291D3FBD007194C5 /* ViewController.swift in Sources */,
				D1BAFB54291D3FBD007194C5 /* AppDelegate.swift in Sources */,
				D1E2735E296CED5B00ED5441 /* LocationManager.swift in Sources */,
				D1D8090D295C9B0700B04ADA /* TabBarController.swift in Sources */,
				D172D425293CF37500C7C068 /* ResetPasswordViewController.swift in Sources */,
				D17548D5294E7963002E65B8 /* DetailsViewController.swift in Sources */,
				D14228ED2928670000784508 /* SignUpViewController.swift in Sources */,
				D17548D1294E7935002E65B8 /* ProfileViewController.swift in Sources */,
				D1BAFB56291D3FBD007194C5 /* SceneDelegate.swift in Sources */,
				D17548CA294E7576002E65B8 /* HomeViewController.swift in Sources */,
			);
			runOnlyForDeploymentPostprocessing = 0;
		};
/* End PBXSourcesBuildPhase section */

/* Begin PBXVariantGroup section */
		D1BAFB59291D3FBD007194C5 /* Main.storyboard */ = {
			isa = PBXVariantGroup;
			children = (
				D1BAFB5A291D3FBD007194C5 /* Base */,
			);
			name = Main.storyboard;
			sourceTree = "<group>";
		};
		D1BAFB5E291D3FBF007194C5 /* LaunchScreen.storyboard */ = {
			isa = PBXVariantGroup;
			children = (
				D1BAFB5F291D3FBF007194C5 /* Base */,
			);
			name = LaunchScreen.storyboard;
			sourceTree = "<group>";
		};
/* End PBXVariantGroup section */

/* Begin XCBuildConfiguration section */
		D1BAFB62291D3FBF007194C5 /* Debug */ = {
			isa = XCBuildConfiguration;
			buildSettings = {
				ALWAYS_SEARCH_USER_PATHS = NO;
				CLANG_ANALYZER_NONNULL = YES;
				CLANG_ANALYZER_NUMBER_OBJECT_CONVERSION = YES_AGGRESSIVE;
				CLANG_CXX_LANGUAGE_STANDARD = "gnu++20";
				CLANG_ENABLE_MODULES = YES;
				CLANG_ENABLE_OBJC_ARC = YES;
				CLANG_ENABLE_OBJC_WEAK = YES;
				CLANG_WARN_BLOCK_CAPTURE_AUTORELEASING = YES;
				CLANG_WARN_BOOL_CONVERSION = YES;
				CLANG_WARN_COMMA = YES;
				CLANG_WARN_CONSTANT_CONVERSION = YES;
				CLANG_WARN_DEPRECATED_OBJC_IMPLEMENTATIONS = YES;
				CLANG_WARN_DIRECT_OBJC_ISA_USAGE = YES_ERROR;
				CLANG_WARN_DOCUMENTATION_COMMENTS = YES;
				CLANG_WARN_EMPTY_BODY = YES;
				CLANG_WARN_ENUM_CONVERSION = YES;
				CLANG_WARN_INFINITE_RECURSION = YES;
				CLANG_WARN_INT_CONVERSION = YES;
				CLANG_WARN_NON_LITERAL_NULL_CONVERSION = YES;
				CLANG_WARN_OBJC_IMPLICIT_RETAIN_SELF = YES;
				CLANG_WARN_OBJC_LITERAL_CONVERSION = YES;
				CLANG_WARN_OBJC_ROOT_CLASS = YES_ERROR;
				CLANG_WARN_QUOTED_INCLUDE_IN_FRAMEWORK_HEADER = YES;
				CLANG_WARN_RANGE_LOOP_ANALYSIS = YES;
				CLANG_WARN_STRICT_PROTOTYPES = YES;
				CLANG_WARN_SUSPICIOUS_MOVE = YES;
				CLANG_WARN_UNGUARDED_AVAILABILITY = YES_AGGRESSIVE;
				CLANG_WARN_UNREACHABLE_CODE = YES;
				CLANG_WARN__DUPLICATE_METHOD_MATCH = YES;
				COPY_PHASE_STRIP = NO;
				DEBUG_INFORMATION_FORMAT = dwarf;
				ENABLE_STRICT_OBJC_MSGSEND = YES;
				ENABLE_TESTABILITY = YES;
				GCC_C_LANGUAGE_STANDARD = gnu11;
				GCC_DYNAMIC_NO_PIC = NO;
				GCC_NO_COMMON_BLOCKS = YES;
				GCC_OPTIMIZATION_LEVEL = 0;
				GCC_PREPROCESSOR_DEFINITIONS = (
					"DEBUG=1",
					"$(inherited)",
				);
				GCC_WARN_64_TO_32_BIT_CONVERSION = YES;
				GCC_WARN_ABOUT_RETURN_TYPE = YES_ERROR;
				GCC_WARN_UNDECLARED_SELECTOR = YES;
				GCC_WARN_UNINITIALIZED_AUTOS = YES_AGGRESSIVE;
				GCC_WARN_UNUSED_FUNCTION = YES;
				GCC_WARN_UNUSED_VARIABLE = YES;
				IPHONEOS_DEPLOYMENT_TARGET = 16.1;
				MTL_ENABLE_DEBUG_INFO = INCLUDE_SOURCE;
				MTL_FAST_MATH = YES;
				ONLY_ACTIVE_ARCH = YES;
				SDKROOT = iphoneos;
				SWIFT_ACTIVE_COMPILATION_CONDITIONS = DEBUG;
				SWIFT_OPTIMIZATION_LEVEL = "-Onone";
			};
			name = Debug;
		};
		D1BAFB63291D3FBF007194C5 /* Release */ = {
			isa = XCBuildConfiguration;
			buildSettings = {
				ALWAYS_SEARCH_USER_PATHS = NO;
				CLANG_ANALYZER_NONNULL = YES;
				CLANG_ANALYZER_NUMBER_OBJECT_CONVERSION = YES_AGGRESSIVE;
				CLANG_CXX_LANGUAGE_STANDARD = "gnu++20";
				CLANG_ENABLE_MODULES = YES;
				CLANG_ENABLE_OBJC_ARC = YES;
				CLANG_ENABLE_OBJC_WEAK = YES;
				CLANG_WARN_BLOCK_CAPTURE_AUTORELEASING = YES;
				CLANG_WARN_BOOL_CONVERSION = YES;
				CLANG_WARN_COMMA = YES;
				CLANG_WARN_CONSTANT_CONVERSION = YES;
				CLANG_WARN_DEPRECATED_OBJC_IMPLEMENTATIONS = YES;
				CLANG_WARN_DIRECT_OBJC_ISA_USAGE = YES_ERROR;
				CLANG_WARN_DOCUMENTATION_COMMENTS = YES;
				CLANG_WARN_EMPTY_BODY = YES;
				CLANG_WARN_ENUM_CONVERSION = YES;
				CLANG_WARN_INFINITE_RECURSION = YES;
				CLANG_WARN_INT_CONVERSION = YES;
				CLANG_WARN_NON_LITERAL_NULL_CONVERSION = YES;
				CLANG_WARN_OBJC_IMPLICIT_RETAIN_SELF = YES;
				CLANG_WARN_OBJC_LITERAL_CONVERSION = YES;
				CLANG_WARN_OBJC_ROOT_CLASS = YES_ERROR;
				CLANG_WARN_QUOTED_INCLUDE_IN_FRAMEWORK_HEADER = YES;
				CLANG_WARN_RANGE_LOOP_ANALYSIS = YES;
				CLANG_WARN_STRICT_PROTOTYPES = YES;
				CLANG_WARN_SUSPICIOUS_MOVE = YES;
				CLANG_WARN_UNGUARDED_AVAILABILITY = YES_AGGRESSIVE;
				CLANG_WARN_UNREACHABLE_CODE = YES;
				CLANG_WARN__DUPLICATE_METHOD_MATCH = YES;
				COPY_PHASE_STRIP = NO;
				DEBUG_INFORMATION_FORMAT = "dwarf-with-dsym";
				ENABLE_NS_ASSERTIONS = NO;
				ENABLE_STRICT_OBJC_MSGSEND = YES;
				GCC_C_LANGUAGE_STANDARD = gnu11;
				GCC_NO_COMMON_BLOCKS = YES;
				GCC_WARN_64_TO_32_BIT_CONVERSION = YES;
				GCC_WARN_ABOUT_RETURN_TYPE = YES_ERROR;
				GCC_WARN_UNDECLARED_SELECTOR = YES;
				GCC_WARN_UNINITIALIZED_AUTOS = YES_AGGRESSIVE;
				GCC_WARN_UNUSED_FUNCTION = YES;
				GCC_WARN_UNUSED_VARIABLE = YES;
				IPHONEOS_DEPLOYMENT_TARGET = 16.1;
				MTL_ENABLE_DEBUG_INFO = NO;
				MTL_FAST_MATH = YES;
				SDKROOT = iphoneos;
				SWIFT_COMPILATION_MODE = wholemodule;
				SWIFT_OPTIMIZATION_LEVEL = "-O";
				VALIDATE_PRODUCT = YES;
			};
			name = Release;
		};
		D1BAFB65291D3FBF007194C5 /* Debug */ = {
			isa = XCBuildConfiguration;
			buildSettings = {
				ASSETCATALOG_COMPILER_APPICON_NAME = AppIcon;
				ASSETCATALOG_COMPILER_GLOBAL_ACCENT_COLOR_NAME = AccentColor;
				CODE_SIGN_STYLE = Automatic;
				CURRENT_PROJECT_VERSION = 1;
				DEVELOPMENT_TEAM = YUJ28KYKT3;
				GENERATE_INFOPLIST_FILE = YES;
				INFOPLIST_FILE = vamosPraOndeApp/Info.plist;
				INFOPLIST_KEY_CFBundleDisplayName = "vamos pra onde?";
				INFOPLIST_KEY_LSApplicationCategoryType = "public.app-category.travel";
				INFOPLIST_KEY_UIApplicationSupportsIndirectInputEvents = YES;
				INFOPLIST_KEY_UILaunchStoryboardName = LaunchScreen.storyboard;
				INFOPLIST_KEY_UIMainStoryboardFile = Main;
				INFOPLIST_KEY_UISupportedInterfaceOrientations_iPad = "UIInterfaceOrientationPortrait UIInterfaceOrientationPortraitUpsideDown UIInterfaceOrientationLandscapeLeft UIInterfaceOrientationLandscapeRight";
				INFOPLIST_KEY_UISupportedInterfaceOrientations_iPhone = "UIInterfaceOrientationPortrait UIInterfaceOrientationLandscapeLeft UIInterfaceOrientationLandscapeRight";
				LD_RUNPATH_SEARCH_PATHS = (
					"$(inherited)",
					"@executable_path/Frameworks",
				);
				MARKETING_VERSION = 1.0;
				PRODUCT_BUNDLE_IDENTIFIER = ronaldoribeiro.vamosPraOndeApp;
				PRODUCT_NAME = "$(TARGET_NAME)";
				SWIFT_EMIT_LOC_STRINGS = YES;
				SWIFT_VERSION = 5.0;
				TARGETED_DEVICE_FAMILY = "1,2";
			};
			name = Debug;
		};
		D1BAFB66291D3FBF007194C5 /* Release */ = {
			isa = XCBuildConfiguration;
			buildSettings = {
				ASSETCATALOG_COMPILER_APPICON_NAME = AppIcon;
				ASSETCATALOG_COMPILER_GLOBAL_ACCENT_COLOR_NAME = AccentColor;
				CODE_SIGN_STYLE = Automatic;
				CURRENT_PROJECT_VERSION = 1;
				DEVELOPMENT_TEAM = YUJ28KYKT3;
				GENERATE_INFOPLIST_FILE = YES;
				INFOPLIST_FILE = vamosPraOndeApp/Info.plist;
				INFOPLIST_KEY_CFBundleDisplayName = "vamos pra onde?";
				INFOPLIST_KEY_LSApplicationCategoryType = "public.app-category.travel";
				INFOPLIST_KEY_UIApplicationSupportsIndirectInputEvents = YES;
				INFOPLIST_KEY_UILaunchStoryboardName = LaunchScreen.storyboard;
				INFOPLIST_KEY_UIMainStoryboardFile = Main;
				INFOPLIST_KEY_UISupportedInterfaceOrientations_iPad = "UIInterfaceOrientationPortrait UIInterfaceOrientationPortraitUpsideDown UIInterfaceOrientationLandscapeLeft UIInterfaceOrientationLandscapeRight";
				INFOPLIST_KEY_UISupportedInterfaceOrientations_iPhone = "UIInterfaceOrientationPortrait UIInterfaceOrientationLandscapeLeft UIInterfaceOrientationLandscapeRight";
				LD_RUNPATH_SEARCH_PATHS = (
					"$(inherited)",
					"@executable_path/Frameworks",
				);
				MARKETING_VERSION = 1.0;
				PRODUCT_BUNDLE_IDENTIFIER = ronaldoribeiro.vamosPraOndeApp;
				PRODUCT_NAME = "$(TARGET_NAME)";
				SWIFT_EMIT_LOC_STRINGS = YES;
				SWIFT_VERSION = 5.0;
				TARGETED_DEVICE_FAMILY = "1,2";
			};
			name = Release;
		};
/* End XCBuildConfiguration section */

/* Begin XCConfigurationList section */
		D1BAFB4B291D3FBD007194C5 /* Build configuration list for PBXProject "vamosPraOndeApp" */ = {
			isa = XCConfigurationList;
			buildConfigurations = (
				D1BAFB62291D3FBF007194C5 /* Debug */,
				D1BAFB63291D3FBF007194C5 /* Release */,
			);
			defaultConfigurationIsVisible = 0;
			defaultConfigurationName = Release;
		};
		D1BAFB64291D3FBF007194C5 /* Build configuration list for PBXNativeTarget "vamosPraOndeApp" */ = {
			isa = XCConfigurationList;
			buildConfigurations = (
				D1BAFB65291D3FBF007194C5 /* Debug */,
				D1BAFB66291D3FBF007194C5 /* Release */,
			);
			defaultConfigurationIsVisible = 0;
			defaultConfigurationName = Release;
		};
/* End XCConfigurationList section */

/* Begin XCRemoteSwiftPackageReference section */
		D14C4AF629675BC700065186 /* XCRemoteSwiftPackageReference "firebase-ios-sdk" */ = {
			isa = XCRemoteSwiftPackageReference;
			repositoryURL = "https://github.com/firebase/firebase-ios-sdk";
			requirement = {
				kind = upToNextMajorVersion;
				minimumVersion = 9.0.0;
			};
		};
/* End XCRemoteSwiftPackageReference section */

/* Begin XCSwiftPackageProductDependency section */
		D14C4AF729675BC700065186 /* FirebaseAuth */ = {
			isa = XCSwiftPackageProductDependency;
			package = D14C4AF629675BC700065186 /* XCRemoteSwiftPackageReference "firebase-ios-sdk" */;
			productName = FirebaseAuth;
		};
/* End XCSwiftPackageProductDependency section */
	};
	rootObject = D1BAFB48291D3FBD007194C5 /* Project object */;
}
