// !$*UTF8*$!
{
	archiveVersion = 1;
	classes = {
	};
	objectVersion = 56;
	objects = {

/* Begin PBXBuildFile section */
		08B7BD520B3F825AA51616FD /* ChecklistView.swift in Sources */ = {isa = PBXBuildFile; fileRef = B825DB56D6E1DB92C43C9A90 /* ChecklistView.swift */; };
		0D61739A14D23989A1ED1E89 /* Spacing.swift in Sources */ = {isa = PBXBuildFile; fileRef = E54FCA19A3E6E3EA50B97F36 /* Spacing.swift */; };
		0DFA3B1CE31E388262FD7EE9 /* Pods_vamosPraOndeAppTests.framework in Frameworks */ = {isa = PBXBuildFile; fileRef = 4839A72F988E52DBEA7FF9C4 /* Pods_vamosPraOndeAppTests.framework */; };
		0E2EC4E68DAE2A88C50B4C6D /* Foundation.framework in Frameworks */ = {isa = PBXBuildFile; fileRef = 5801109F556166FCE44A0C84 /* Foundation.framework */; };
		0F9D896ED069A374FA206C79 /* NextTripSnapshot.swift in Sources */ = {isa = PBXBuildFile; fileRef = 0C25B48F07AAB2CEA0D2F0A4 /* NextTripSnapshot.swift */; };
		181399A40625F8A5443A1AE0 /* DestinationCards.swift in Sources */ = {isa = PBXBuildFile; fileRef = 08A2719934CFBBDAD3740235 /* DestinationCards.swift */; };
		18249C8778EC9831FFA1C73B /* Appear.swift in Sources */ = {isa = PBXBuildFile; fileRef = 53EA303ED50DFD784E0DA6FD /* Appear.swift */; };
		19A98A04E593BCE739B3FF7A /* DestinationDetailView.swift in Sources */ = {isa = PBXBuildFile; fileRef = 0DCDB26C3ABB8740B4EE8704 /* DestinationDetailView.swift */; };
		20FE5F85AD868F5549D7BF51 /* TimeZoneService.swift in Sources */ = {isa = PBXBuildFile; fileRef = 8EC533E0219EC8F9A1773714 /* TimeZoneService.swift */; };
		32499C6DAD7390D3B04471CF /* Countdown.swift in Sources */ = {isa = PBXBuildFile; fileRef = B6717499BB05FED71D3E7044 /* Countdown.swift */; };
		350662C408F2ACA87ECD18F8 /* InfoPlist.xcstrings in Resources */ = {isa = PBXBuildFile; fileRef = 65BE014A7FC7B9C67C11AA7A /* InfoPlist.xcstrings */; };
		441C3C4C0D4AB5F43B8C04E5 /* Pods_vamosPraOndeApp.framework in Frameworks */ = {isa = PBXBuildFile; fileRef = 5F2B4EBA720129FB7A8814AB /* Pods_vamosPraOndeApp.framework */; };
		4CEE741F83281B677D5917AB /* CountdownTests.swift in Sources */ = {isa = PBXBuildFile; fileRef = 7D78C807CB5AE97714742A01 /* CountdownTests.swift */; };
		4DE9AA568E50EF651BECE632 /* TripStop.swift in Sources */ = {isa = PBXBuildFile; fileRef = 681785E5ADE4ACE8EDD597B2 /* TripStop.swift */; };
		50D20D3DD15A9ED7F348BFE8 /* RootView.swift in Sources */ = {isa = PBXBuildFile; fileRef = C25693AA1C51D6E11D17BBD3 /* RootView.swift */; };
		54B63E9EC853986AB8DC62A2 /* VamosWidget.swift in Sources */ = {isa = PBXBuildFile; fileRef = B1ED369D3F6960C39E95093C /* VamosWidget.swift */; };
		5A7586A322934E45A8241147 /* AnalyticsService.swift in Sources */ = {isa = PBXBuildFile; fileRef = 16AF3D62F640E0477C60CE9B /* AnalyticsService.swift */; };
		5D419F4B3BD498FD1BB27863 /* DestinationPhotoProvider.swift in Sources */ = {isa = PBXBuildFile; fileRef = C6BA3454976B07F02479A5FC /* DestinationPhotoProvider.swift */; };
		5EFA5C9F2425D9743A6BC430 /* NewDestinationView.swift in Sources */ = {isa = PBXBuildFile; fileRef = CC0ABAD5A36087780457D4FD /* NewDestinationView.swift */; };
		64937C3D6A1DA0F97BB4BD89 /* SignUpView.swift in Sources */ = {isa = PBXBuildFile; fileRef = 0262E62ED903E239FE87B306 /* SignUpView.swift */; };
		68AD0517171D23305ED97348 /* FeatureLogicTests.swift in Sources */ = {isa = PBXBuildFile; fileRef = 8458F5F2E5D185F64493E1FE /* FeatureLogicTests.swift */; };
		6C221049FF08F63F3B09FDA2 /* WeatherProvider.swift in Sources */ = {isa = PBXBuildFile; fileRef = EFBA7634B6CFB8C290C2952B /* WeatherProvider.swift */; };
		6F96B45EDA0667602143CB20 /* SocialSignInButtons.swift in Sources */ = {isa = PBXBuildFile; fileRef = D7B20DE226C69E153761B90C /* SocialSignInButtons.swift */; };
		7464D45E3C6B735A2D0A00D2 /* ChecklistTests.swift in Sources */ = {isa = PBXBuildFile; fileRef = 03EBD4659496E3AA768CC5C4 /* ChecklistTests.swift */; };
		7AA2B4347F96E145D65CA42D /* OnboardingView.swift in Sources */ = {isa = PBXBuildFile; fileRef = 11DB5B773232E1F694881267 /* OnboardingView.swift */; };
		7FA281D8D93748D51DA416CE /* ErrorBanner.swift in Sources */ = {isa = PBXBuildFile; fileRef = 715796514FBEA826675FB981 /* ErrorBanner.swift */; };
		8041AC41AC506828A3100761 /* ProceduralCover.swift in Sources */ = {isa = PBXBuildFile; fileRef = 6A97CB002593454ABC157BBA /* ProceduralCover.swift */; };
		8191779992B81C209FFFFF78 /* LoginView.swift in Sources */ = {isa = PBXBuildFile; fileRef = 759693CF363A15BF3D16B2D1 /* LoginView.swift */; };
		81F2F01F8353792FF1257AD2 /* Haptics.swift in Sources */ = {isa = PBXBuildFile; fileRef = 71F31DAEEF0F63FE46C3E2E5 /* Haptics.swift */; };
		832FCE1CEB653FD99FFEC49E /* Countdown.swift in Sources */ = {isa = PBXBuildFile; fileRef = B6717499BB05FED71D3E7044 /* Countdown.swift */; };
		86C5A52894E3A21E8124549D /* WelcomeView.swift in Sources */ = {isa = PBXBuildFile; fileRef = 799EFFED51CAB6C06E8D343D /* WelcomeView.swift */; };
		8A68B0E71084E468DCA6F9D1 /* VamosPraOndeApp.swift in Sources */ = {isa = PBXBuildFile; fileRef = 55194F69F87840C0747B7C1E /* VamosPraOndeApp.swift */; };
		904D7C2AC8FDB8E4E354E912 /* UserLocationProvider.swift in Sources */ = {isa = PBXBuildFile; fileRef = AE9550528BF5AD8FE37F6279 /* UserLocationProvider.swift */; };
		90D7DE02C6D77B5BC364A986 /* AuthFlowView.swift in Sources */ = {isa = PBXBuildFile; fileRef = 3A34A419395F409009F3EB25 /* AuthFlowView.swift */; };
		911408229101F35B5F2906C0 /* VamosWidget.appex in Embed Foundation Extensions */ = {isa = PBXBuildFile; fileRef = BAB7582C2AD66EB703389C83 /* VamosWidget.appex */; settings = {ATTRIBUTES = (RemoveHeadersOnCopy, ); }; };
		932282BFD16CE7A8C307F407 /* AuthHeader.swift in Sources */ = {isa = PBXBuildFile; fileRef = F475203DA568856EF307222B /* AuthHeader.swift */; };
		95C2BCFB8EBAE03995BFC72A /* Destination.swift in Sources */ = {isa = PBXBuildFile; fileRef = 2EDE28040F39CCD5CCD172DF /* Destination.swift */; };
		975703D0576611F431A67DA8 /* ProfileView.swift in Sources */ = {isa = PBXBuildFile; fileRef = 40C91FAE89B00AF2B5D82750 /* ProfileView.swift */; };
		9820F58E4379C527CF450A94 /* NextTripSnapshot.swift in Sources */ = {isa = PBXBuildFile; fileRef = 0C25B48F07AAB2CEA0D2F0A4 /* NextTripSnapshot.swift */; };
		9919E16E5B6F5D05FBF5EF3B /* AppleAuth.swift in Sources */ = {isa = PBXBuildFile; fileRef = 9578FF8E0BAF23A94D662608 /* AppleAuth.swift */; };
		9BF0FDB686C01157913FBA2D /* LocationService.swift in Sources */ = {isa = PBXBuildFile; fileRef = 85EFE2BA27D6463F18CFED81 /* LocationService.swift */; };
		9C43FC2E5D29FF9E8680D0E4 /* CountdownShareCard.swift in Sources */ = {isa = PBXBuildFile; fileRef = 9E7C74994CD79D2E7CE5AED9 /* CountdownShareCard.swift */; };
		A1CDFCEACA11332F58FA93C5 /* Foundation.framework in Frameworks */ = {isa = PBXBuildFile; fileRef = 5801109F556166FCE44A0C84 /* Foundation.framework */; };
		A32F34C1681389662AF11E9C /* DestinationSorting.swift in Sources */ = {isa = PBXBuildFile; fileRef = 1869A1CFF98B575CCDB88571 /* DestinationSorting.swift */; };
		B678C008443E84763E9B7419 /* Localizable.xcstrings in Resources */ = {isa = PBXBuildFile; fileRef = AB01782A64F847E71A553CD5 /* Localizable.xcstrings */; };
		B7D7480FD5B256D9538F70FC /* DestinationTests.swift in Sources */ = {isa = PBXBuildFile; fileRef = 451BCC5913B450ADADCE7182 /* DestinationTests.swift */; };
		B8DA8DE1FBF5364952207FAF /* AppFont.swift in Sources */ = {isa = PBXBuildFile; fileRef = 72593CC4AC6BB5144E159D9C /* AppFont.swift */; };
		BBF64161BFB51E05B3E84A58 /* AppColor.swift in Sources */ = {isa = PBXBuildFile; fileRef = 6B36ED71B036CE1129056B2F /* AppColor.swift */; };
		C160B823E318F6C16D0C1417 /* NearbyPlacesService.swift in Sources */ = {isa = PBXBuildFile; fileRef = 3FDDF45CD0859471994BB316 /* NearbyPlacesService.swift */; };
		C456D31880156C513A61EAC5 /* SplashScreen.swift in Sources */ = {isa = PBXBuildFile; fileRef = B908F493AFD9AA09E1CBBE6D /* SplashScreen.swift */; };
		CBBE7460309BFA630AF41684 /* PrivacyInfo.xcprivacy in Resources */ = {isa = PBXBuildFile; fileRef = 97AA1D491AE12D7FE50A5037 /* PrivacyInfo.xcprivacy */; };
		CF465CE100590B5C38EE9A40 /* Secrets.plist in Resources */ = {isa = PBXBuildFile; fileRef = FED78FC0757BCC0FC8527BBF /* Secrets.plist */; };
		D14C4AF529675A8200065186 /* GoogleService-Info.plist in Resources */ = {isa = PBXBuildFile; fileRef = D14C4AF429675A8200065186 /* GoogleService-Info.plist */; };
		D1BAFB54291D3FBD007194C5 /* AppDelegate.swift in Sources */ = {isa = PBXBuildFile; fileRef = D1BAFB53291D3FBD007194C5 /* AppDelegate.swift */; };
		D1BAFB5D291D3FBF007194C5 /* Assets.xcassets in Resources */ = {isa = PBXBuildFile; fileRef = D1BAFB5C291D3FBF007194C5 /* Assets.xcassets */; };
		D1BAFB60291D3FBF007194C5 /* LaunchScreen.storyboard in Resources */ = {isa = PBXBuildFile; fileRef = D1BAFB5E291D3FBF007194C5 /* LaunchScreen.storyboard */; };
		D1BAFB81291D48A0007194C5 /* Urbanist-VariableFont_wght.ttf in Resources */ = {isa = PBXBuildFile; fileRef = D1BAFB6A291D48A0007194C5 /* Urbanist-VariableFont_wght.ttf */; };
		D1BAFB82291D48A0007194C5 /* Urbanist-Bold.ttf in Resources */ = {isa = PBXBuildFile; fileRef = D1BAFB6C291D48A0007194C5 /* Urbanist-Bold.ttf */; };
		D1BAFB83291D48A0007194C5 /* Urbanist-Regular.ttf in Resources */ = {isa = PBXBuildFile; fileRef = D1BAFB6D291D48A0007194C5 /* Urbanist-Regular.ttf */; };
		D1BAFB84291D48A0007194C5 /* Urbanist-LightItalic.ttf in Resources */ = {isa = PBXBuildFile; fileRef = D1BAFB6E291D48A0007194C5 /* Urbanist-LightItalic.ttf */; };
		D1BAFB85291D48A0007194C5 /* Urbanist-ExtraLightItalic.ttf in Resources */ = {isa = PBXBuildFile; fileRef = D1BAFB6F291D48A0007194C5 /* Urbanist-ExtraLightItalic.ttf */; };
		D1BAFB86291D48A0007194C5 /* Urbanist-ExtraBoldItalic.ttf in Resources */ = {isa = PBXBuildFile; fileRef = D1BAFB70291D48A0007194C5 /* Urbanist-ExtraBoldItalic.ttf */; };
		D1BAFB87291D48A0007194C5 /* Urbanist-Thin.ttf in Resources */ = {isa = PBXBuildFile; fileRef = D1BAFB71291D48A0007194C5 /* Urbanist-Thin.ttf */; };
		D1BAFB88291D48A0007194C5 /* Urbanist-MediumItalic.ttf in Resources */ = {isa = PBXBuildFile; fileRef = D1BAFB72291D48A0007194C5 /* Urbanist-MediumItalic.ttf */; };
		D1BAFB89291D48A0007194C5 /* Urbanist-SemiBold.ttf in Resources */ = {isa = PBXBuildFile; fileRef = D1BAFB73291D48A0007194C5 /* Urbanist-SemiBold.ttf */; };
		D1BAFB8A291D48A0007194C5 /* Urbanist-Italic.ttf in Resources */ = {isa = PBXBuildFile; fileRef = D1BAFB74291D48A0007194C5 /* Urbanist-Italic.ttf */; };
		D1BAFB8B291D48A0007194C5 /* Urbanist-Black.ttf in Resources */ = {isa = PBXBuildFile; fileRef = D1BAFB75291D48A0007194C5 /* Urbanist-Black.ttf */; };
		D1BAFB8C291D48A0007194C5 /* Urbanist-BlackItalic.ttf in Resources */ = {isa = PBXBuildFile; fileRef = D1BAFB76291D48A0007194C5 /* Urbanist-BlackItalic.ttf */; };
		D1BAFB8D291D48A0007194C5 /* Urbanist-Light.ttf in Resources */ = {isa = PBXBuildFile; fileRef = D1BAFB77291D48A0007194C5 /* Urbanist-Light.ttf */; };
		D1BAFB8E291D48A0007194C5 /* Urbanist-SemiBoldItalic.ttf in Resources */ = {isa = PBXBuildFile; fileRef = D1BAFB78291D48A0007194C5 /* Urbanist-SemiBoldItalic.ttf */; };
		D1BAFB8F291D48A0007194C5 /* Urbanist-BoldItalic.ttf in Resources */ = {isa = PBXBuildFile; fileRef = D1BAFB79291D48A0007194C5 /* Urbanist-BoldItalic.ttf */; };
		D1BAFB90291D48A0007194C5 /* Urbanist-ExtraBold.ttf in Resources */ = {isa = PBXBuildFile; fileRef = D1BAFB7A291D48A0007194C5 /* Urbanist-ExtraBold.ttf */; };
		D1BAFB91291D48A0007194C5 /* Urbanist-Medium.ttf in Resources */ = {isa = PBXBuildFile; fileRef = D1BAFB7B291D48A0007194C5 /* Urbanist-Medium.ttf */; };
		D1BAFB92291D48A0007194C5 /* Urbanist-ExtraLight.ttf in Resources */ = {isa = PBXBuildFile; fileRef = D1BAFB7C291D48A0007194C5 /* Urbanist-ExtraLight.ttf */; };
		D1BAFB93291D48A0007194C5 /* Urbanist-ThinItalic.ttf in Resources */ = {isa = PBXBuildFile; fileRef = D1BAFB7D291D48A0007194C5 /* Urbanist-ThinItalic.ttf */; };
		D1BAFB96291D48A0007194C5 /* Urbanist-Italic-VariableFont_wght.ttf in Resources */ = {isa = PBXBuildFile; fileRef = D1BAFB80291D48A0007194C5 /* Urbanist-Italic-VariableFont_wght.ttf */; };
		D1E2735E296CED5B00ED5441 /* LocationManager.swift in Sources */ = {isa = PBXBuildFile; fileRef = D1E2735D296CED5B00ED5441 /* LocationManager.swift */; };
		D6D3F46A5969F51C3C1B3716 /* MainTabView.swift in Sources */ = {isa = PBXBuildFile; fileRef = A116D53720216B156AEDB022 /* MainTabView.swift */; };
		D9FC06C4CD5D98EEE4FFFD63 /* ResetPasswordView.swift in Sources */ = {isa = PBXBuildFile; fileRef = 1F0DD5C62A38F190DBD4DB8E /* ResetPasswordView.swift */; };
		DAE3560C7EDFFC781A10D7F9 /* ChecklistTemplates.swift in Sources */ = {isa = PBXBuildFile; fileRef = 56DC68679043A01C61BFA269 /* ChecklistTemplates.swift */; };
		DC7DF7DB1D314DFD291EEEF7 /* AppTextField.swift in Sources */ = {isa = PBXBuildFile; fileRef = A741242B7F72183F80E1FCE6 /* AppTextField.swift */; };
		DFB81499DC458A12C4BB748D /* PrimaryButtonStyle.swift in Sources */ = {isa = PBXBuildFile; fileRef = 53923FC28D728BE268C50AC5 /* PrimaryButtonStyle.swift */; };
		E0293645CAF40591CB82BB27 /* AuthService.swift in Sources */ = {isa = PBXBuildFile; fileRef = 409CD1E05CA693E1110F0D03 /* AuthService.swift */; };
		E401AFA31328E58A58C8D884 /* HomeView.swift in Sources */ = {isa = PBXBuildFile; fileRef = 210C8D7CB5A8BA3F1CD9CEF3 /* HomeView.swift */; };
		ED6943C57244D61E90992C84 /* CoverPickerView.swift in Sources */ = {isa = PBXBuildFile; fileRef = B21EB1BEF4F3CA4B4A8384C5 /* CoverPickerView.swift */; };
		F8841C8CCE49AF19D1496F32 /* TravelMapView.swift in Sources */ = {isa = PBXBuildFile; fileRef = 171687DDE285E2EE2D70436E /* TravelMapView.swift */; };
		FA59BE03C901B0F703E9B3FC /* DestinationsRepository.swift in Sources */ = {isa = PBXBuildFile; fileRef = 46339FCAC58D42DA1050B703 /* DestinationsRepository.swift */; };
		FB26205A97EF1E8EE8232158 /* ChecklistItem.swift in Sources */ = {isa = PBXBuildFile; fileRef = 422C7A5E9EE612A363051AF9 /* ChecklistItem.swift */; };
		FC59D41C4AD488FFD91C783C /* NotificationService.swift in Sources */ = {isa = PBXBuildFile; fileRef = 23AF5E5BEBEEE0DED5CAFDFE /* NotificationService.swift */; };
		FE28F4D864B00E68FCE1237A /* SunsetCover.swift in Sources */ = {isa = PBXBuildFile; fileRef = 89AB746F5ECA445E9D3E1DEA /* SunsetCover.swift */; };
/* End PBXBuildFile section */

/* Begin PBXContainerItemProxy section */
		03B9C59B033DE3C210008435 /* PBXContainerItemProxy */ = {
			isa = PBXContainerItemProxy;
			containerPortal = D1BAFB48291D3FBD007194C5 /* Project object */;
			proxyType = 1;
			remoteGlobalIDString = B0B11B99C6CC5B58EF17CE18;
			remoteInfo = VamosWidget;
		};
		3494EA2C8681FFF24FD68CAD /* PBXContainerItemProxy */ = {
			isa = PBXContainerItemProxy;
			containerPortal = D1BAFB48291D3FBD007194C5 /* Project object */;
			proxyType = 1;
			remoteGlobalIDString = D1BAFB4F291D3FBD007194C5;
			remoteInfo = vamosPraOndeApp;
		};
/* End PBXContainerItemProxy section */

/* Begin PBXCopyFilesBuildPhase section */
		25555CA1B753407D6C0DA724 /* Embed Foundation Extensions */ = {
			isa = PBXCopyFilesBuildPhase;
			buildActionMask = 2147483647;
			dstPath = "";
			dstSubfolderSpec = 13;
			files = (
				911408229101F35B5F2906C0 /* VamosWidget.appex in Embed Foundation Extensions */,
			);
			name = "Embed Foundation Extensions";
			runOnlyForDeploymentPostprocessing = 0;
		};
/* End PBXCopyFilesBuildPhase section */

/* Begin PBXFileReference section */
		0262E62ED903E239FE87B306 /* SignUpView.swift */ = {isa = PBXFileReference; includeInIndex = 1; lastKnownFileType = sourcecode.swift; path = SignUpView.swift; sourceTree = "<group>"; };
		03EBD4659496E3AA768CC5C4 /* ChecklistTests.swift */ = {isa = PBXFileReference; includeInIndex = 1; lastKnownFileType = sourcecode.swift; path = ChecklistTests.swift; sourceTree = "<group>"; };
		080FE931DBB31B7C15258CA1 /* Info.plist */ = {isa = PBXFileReference; includeInIndex = 1; lastKnownFileType = text.plist.xml; path = Info.plist; sourceTree = "<group>"; };
		08A2719934CFBBDAD3740235 /* DestinationCards.swift */ = {isa = PBXFileReference; includeInIndex = 1; lastKnownFileType = sourcecode.swift; path = DestinationCards.swift; sourceTree = "<group>"; };
		0C25B48F07AAB2CEA0D2F0A4 /* NextTripSnapshot.swift */ = {isa = PBXFileReference; includeInIndex = 1; lastKnownFileType = sourcecode.swift; path = NextTripSnapshot.swift; sourceTree = "<group>"; };
		0DCDB26C3ABB8740B4EE8704 /* DestinationDetailView.swift */ = {isa = PBXFileReference; includeInIndex = 1; lastKnownFileType = sourcecode.swift; path = DestinationDetailView.swift; sourceTree = "<group>"; };
		11DB5B773232E1F694881267 /* OnboardingView.swift */ = {isa = PBXFileReference; includeInIndex = 1; lastKnownFileType = sourcecode.swift; path = OnboardingView.swift; sourceTree = "<group>"; };
		16AF3D62F640E0477C60CE9B /* AnalyticsService.swift */ = {isa = PBXFileReference; includeInIndex = 1; lastKnownFileType = sourcecode.swift; path = AnalyticsService.swift; sourceTree = "<group>"; };
		171687DDE285E2EE2D70436E /* TravelMapView.swift */ = {isa = PBXFileReference; includeInIndex = 1; lastKnownFileType = sourcecode.swift; path = TravelMapView.swift; sourceTree = "<group>"; };
		1869A1CFF98B575CCDB88571 /* DestinationSorting.swift */ = {isa = PBXFileReference; includeInIndex = 1; lastKnownFileType = sourcecode.swift; path = DestinationSorting.swift; sourceTree = "<group>"; };
		1F0DD5C62A38F190DBD4DB8E /* ResetPasswordView.swift */ = {isa = PBXFileReference; includeInIndex = 1; lastKnownFileType = sourcecode.swift; path = ResetPasswordView.swift; sourceTree = "<group>"; };
		210C8D7CB5A8BA3F1CD9CEF3 /* HomeView.swift */ = {isa = PBXFileReference; includeInIndex = 1; lastKnownFileType = sourcecode.swift; path = HomeView.swift; sourceTree = "<group>"; };
		23AF5E5BEBEEE0DED5CAFDFE /* NotificationService.swift */ = {isa = PBXFileReference; includeInIndex = 1; lastKnownFileType = sourcecode.swift; path = NotificationService.swift; sourceTree = "<group>"; };
		2EDE28040F39CCD5CCD172DF /* Destination.swift */ = {isa = PBXFileReference; includeInIndex = 1; lastKnownFileType = sourcecode.swift; path = Destination.swift; sourceTree = "<group>"; };
		3A34A419395F409009F3EB25 /* AuthFlowView.swift */ = {isa = PBXFileReference; includeInIndex = 1; lastKnownFileType = sourcecode.swift; path = AuthFlowView.swift; sourceTree = "<group>"; };
		3FDDF45CD0859471994BB316 /* NearbyPlacesService.swift */ = {isa = PBXFileReference; includeInIndex = 1; lastKnownFileType = sourcecode.swift; path = NearbyPlacesService.swift; sourceTree = "<group>"; };
		409CD1E05CA693E1110F0D03 /* AuthService.swift */ = {isa = PBXFileReference; includeInIndex = 1; lastKnownFileType = sourcecode.swift; path = AuthService.swift; sourceTree = "<group>"; };
		40C91FAE89B00AF2B5D82750 /* ProfileView.swift */ = {isa = PBXFileReference; includeInIndex = 1; lastKnownFileType = sourcecode.swift; path = ProfileView.swift; sourceTree = "<group>"; };
		422C7A5E9EE612A363051AF9 /* ChecklistItem.swift */ = {isa = PBXFileReference; includeInIndex = 1; lastKnownFileType = sourcecode.swift; path = ChecklistItem.swift; sourceTree = "<group>"; };
		451BCC5913B450ADADCE7182 /* DestinationTests.swift */ = {isa = PBXFileReference; includeInIndex = 1; lastKnownFileType = sourcecode.swift; path = DestinationTests.swift; sourceTree = "<group>"; };
		46339FCAC58D42DA1050B703 /* DestinationsRepository.swift */ = {isa = PBXFileReference; includeInIndex = 1; lastKnownFileType = sourcecode.swift; path = DestinationsRepository.swift; sourceTree = "<group>"; };
		4839A72F988E52DBEA7FF9C4 /* Pods_vamosPraOndeAppTests.framework */ = {isa = PBXFileReference; explicitFileType = wrapper.framework; includeInIndex = 0; path = Pods_vamosPraOndeAppTests.framework; sourceTree = BUILT_PRODUCTS_DIR; };
		49EFACD31BFE6198AE844676 /* Pods-vamosPraOndeApp.debug.xcconfig */ = {isa = PBXFileReference; includeInIndex = 1; lastKnownFileType = text.xcconfig; name = "Pods-vamosPraOndeApp.debug.xcconfig"; path = "Target Support Files/Pods-vamosPraOndeApp/Pods-vamosPraOndeApp.debug.xcconfig"; sourceTree = "<group>"; };
		53923FC28D728BE268C50AC5 /* PrimaryButtonStyle.swift */ = {isa = PBXFileReference; includeInIndex = 1; lastKnownFileType = sourcecode.swift; path = PrimaryButtonStyle.swift; sourceTree = "<group>"; };
		53D75C8C213204040912F463 /* Pods-vamosPraOndeAppTests.release.xcconfig */ = {isa = PBXFileReference; includeInIndex = 1; lastKnownFileType = text.xcconfig; name = "Pods-vamosPraOndeAppTests.release.xcconfig"; path = "Target Support Files/Pods-vamosPraOndeAppTests/Pods-vamosPraOndeAppTests.release.xcconfig"; sourceTree = "<group>"; };
		53EA303ED50DFD784E0DA6FD /* Appear.swift */ = {isa = PBXFileReference; includeInIndex = 1; lastKnownFileType = sourcecode.swift; path = Appear.swift; sourceTree = "<group>"; };
		55194F69F87840C0747B7C1E /* VamosPraOndeApp.swift */ = {isa = PBXFileReference; includeInIndex = 1; lastKnownFileType = sourcecode.swift; path = VamosPraOndeApp.swift; sourceTree = "<group>"; };
		5588CBDB4A32B6D786569BFB /* vamosPraOndeApp.entitlements */ = {isa = PBXFileReference; includeInIndex = 1; lastKnownFileType = text.plist.entitlements; path = vamosPraOndeApp.entitlements; sourceTree = "<group>"; };
		56DC68679043A01C61BFA269 /* ChecklistTemplates.swift */ = {isa = PBXFileReference; includeInIndex = 1; lastKnownFileType = sourcecode.swift; path = ChecklistTemplates.swift; sourceTree = "<group>"; };
		5801109F556166FCE44A0C84 /* Foundation.framework */ = {isa = PBXFileReference; lastKnownFileType = wrapper.framework; name = Foundation.framework; path = Platforms/iPhoneOS.platform/Developer/SDKs/iPhoneOS18.0.sdk/System/Library/Frameworks/Foundation.framework; sourceTree = DEVELOPER_DIR; };
		5F2B4EBA720129FB7A8814AB /* Pods_vamosPraOndeApp.framework */ = {isa = PBXFileReference; explicitFileType = wrapper.framework; includeInIndex = 0; path = Pods_vamosPraOndeApp.framework; sourceTree = BUILT_PRODUCTS_DIR; };
		65BE014A7FC7B9C67C11AA7A /* InfoPlist.xcstrings */ = {isa = PBXFileReference; includeInIndex = 1; path = InfoPlist.xcstrings; sourceTree = "<group>"; };
		681785E5ADE4ACE8EDD597B2 /* TripStop.swift */ = {isa = PBXFileReference; includeInIndex = 1; lastKnownFileType = sourcecode.swift; path = TripStop.swift; sourceTree = "<group>"; };
		6A97CB002593454ABC157BBA /* ProceduralCover.swift */ = {isa = PBXFileReference; includeInIndex = 1; lastKnownFileType = sourcecode.swift; path = ProceduralCover.swift; sourceTree = "<group>"; };
		6B36ED71B036CE1129056B2F /* AppColor.swift */ = {isa = PBXFileReference; includeInIndex = 1; lastKnownFileType = sourcecode.swift; path = AppColor.swift; sourceTree = "<group>"; };
		715796514FBEA826675FB981 /* ErrorBanner.swift */ = {isa = PBXFileReference; includeInIndex = 1; lastKnownFileType = sourcecode.swift; path = ErrorBanner.swift; sourceTree = "<group>"; };
		71F31DAEEF0F63FE46C3E2E5 /* Haptics.swift */ = {isa = PBXFileReference; includeInIndex = 1; lastKnownFileType = sourcecode.swift; path = Haptics.swift; sourceTree = "<group>"; };
		72593CC4AC6BB5144E159D9C /* AppFont.swift */ = {isa = PBXFileReference; includeInIndex = 1; lastKnownFileType = sourcecode.swift; path = AppFont.swift; sourceTree = "<group>"; };
		759693CF363A15BF3D16B2D1 /* LoginView.swift */ = {isa = PBXFileReference; includeInIndex = 1; lastKnownFileType = sourcecode.swift; path = LoginView.swift; sourceTree = "<group>"; };
		799EFFED51CAB6C06E8D343D /* WelcomeView.swift */ = {isa = PBXFileReference; includeInIndex = 1; lastKnownFileType = sourcecode.swift; path = WelcomeView.swift; sourceTree = "<group>"; };
		7D78C807CB5AE97714742A01 /* CountdownTests.swift */ = {isa = PBXFileReference; includeInIndex = 1; lastKnownFileType = sourcecode.swift; path = CountdownTests.swift; sourceTree = "<group>"; };
		8458F5F2E5D185F64493E1FE /* FeatureLogicTests.swift */ = {isa = PBXFileReference; includeInIndex = 1; lastKnownFileType = sourcecode.swift; path = FeatureLogicTests.swift; sourceTree = "<group>"; };
		85EFE2BA27D6463F18CFED81 /* LocationService.swift */ = {isa = PBXFileReference; includeInIndex = 1; lastKnownFileType = sourcecode.swift; path = LocationService.swift; sourceTree = "<group>"; };
		89AB746F5ECA445E9D3E1DEA /* SunsetCover.swift */ = {isa = PBXFileReference; includeInIndex = 1; lastKnownFileType = sourcecode.swift; path = SunsetCover.swift; sourceTree = "<group>"; };
		8EC533E0219EC8F9A1773714 /* TimeZoneService.swift */ = {isa = PBXFileReference; includeInIndex = 1; lastKnownFileType = sourcecode.swift; path = TimeZoneService.swift; sourceTree = "<group>"; };
		9578FF8E0BAF23A94D662608 /* AppleAuth.swift */ = {isa = PBXFileReference; includeInIndex = 1; lastKnownFileType = sourcecode.swift; path = AppleAuth.swift; sourceTree = "<group>"; };
		97AA1D491AE12D7FE50A5037 /* PrivacyInfo.xcprivacy */ = {isa = PBXFileReference; includeInIndex = 1; lastKnownFileType = text.xml; path = PrivacyInfo.xcprivacy; sourceTree = "<group>"; };
		9A97553A02970F72370C77A1 /* vamosPraOndeAppTests.xctest */ = {isa = PBXFileReference; explicitFileType = wrapper.cfbundle; includeInIndex = 0; path = vamosPraOndeAppTests.xctest; sourceTree = BUILT_PRODUCTS_DIR; };
		9E7C74994CD79D2E7CE5AED9 /* CountdownShareCard.swift */ = {isa = PBXFileReference; includeInIndex = 1; lastKnownFileType = sourcecode.swift; path = CountdownShareCard.swift; sourceTree = "<group>"; };
		A116D53720216B156AEDB022 /* MainTabView.swift */ = {isa = PBXFileReference; includeInIndex = 1; lastKnownFileType = sourcecode.swift; path = MainTabView.swift; sourceTree = "<group>"; };
		A741242B7F72183F80E1FCE6 /* AppTextField.swift */ = {isa = PBXFileReference; includeInIndex = 1; lastKnownFileType = sourcecode.swift; path = AppTextField.swift; sourceTree = "<group>"; };
		AB01782A64F847E71A553CD5 /* Localizable.xcstrings */ = {isa = PBXFileReference; includeInIndex = 1; path = Localizable.xcstrings; sourceTree = "<group>"; };
		AE9550528BF5AD8FE37F6279 /* UserLocationProvider.swift */ = {isa = PBXFileReference; includeInIndex = 1; lastKnownFileType = sourcecode.swift; path = UserLocationProvider.swift; sourceTree = "<group>"; };
		B1ED369D3F6960C39E95093C /* VamosWidget.swift */ = {isa = PBXFileReference; includeInIndex = 1; lastKnownFileType = sourcecode.swift; path = VamosWidget.swift; sourceTree = "<group>"; };
		B21EB1BEF4F3CA4B4A8384C5 /* CoverPickerView.swift */ = {isa = PBXFileReference; includeInIndex = 1; lastKnownFileType = sourcecode.swift; path = CoverPickerView.swift; sourceTree = "<group>"; };
		B24C0C6D065810A6D844E0E8 /* VamosWidget.entitlements */ = {isa = PBXFileReference; includeInIndex = 1; lastKnownFileType = text.plist.entitlements; path = VamosWidget.entitlements; sourceTree = "<group>"; };
		B483464773C9CBA3A2498537 /* Pods-vamosPraOndeApp.release.xcconfig */ = {isa = PBXFileReference; includeInIndex = 1; lastKnownFileType = text.xcconfig; name = "Pods-vamosPraOndeApp.release.xcconfig"; path = "Target Support Files/Pods-vamosPraOndeApp/Pods-vamosPraOndeApp.release.xcconfig"; sourceTree = "<group>"; };
		B6717499BB05FED71D3E7044 /* Countdown.swift */ = {isa = PBXFileReference; includeInIndex = 1; lastKnownFileType = sourcecode.swift; path = Countdown.swift; sourceTree = "<group>"; };
		B825DB56D6E1DB92C43C9A90 /* ChecklistView.swift */ = {isa = PBXFileReference; includeInIndex = 1; lastKnownFileType = sourcecode.swift; path = ChecklistView.swift; sourceTree = "<group>"; };
		B908F493AFD9AA09E1CBBE6D /* SplashScreen.swift */ = {isa = PBXFileReference; includeInIndex = 1; lastKnownFileType = sourcecode.swift; path = SplashScreen.swift; sourceTree = "<group>"; };
		BAB7582C2AD66EB703389C83 /* VamosWidget.appex */ = {isa = PBXFileReference; explicitFileType = "wrapper.app-extension"; includeInIndex = 0; path = VamosWidget.appex; sourceTree = BUILT_PRODUCTS_DIR; };
		C25693AA1C51D6E11D17BBD3 /* RootView.swift */ = {isa = PBXFileReference; includeInIndex = 1; lastKnownFileType = sourcecode.swift; path = RootView.swift; sourceTree = "<group>"; };
		C6BA3454976B07F02479A5FC /* DestinationPhotoProvider.swift */ = {isa = PBXFileReference; includeInIndex = 1; lastKnownFileType = sourcecode.swift; path = DestinationPhotoProvider.swift; sourceTree = "<group>"; };
		CC0ABAD5A36087780457D4FD /* NewDestinationView.swift */ = {isa = PBXFileReference; includeInIndex = 1; lastKnownFileType = sourcecode.swift; path = NewDestinationView.swift; sourceTree = "<group>"; };
		D14C4AF429675A8200065186 /* GoogleService-Info.plist */ = {isa = PBXFileReference; fileEncoding = 4; lastKnownFileType = text.plist.xml; path = "GoogleService-Info.plist"; sourceTree = "<group>"; };
		D1BAFB50291D3FBD007194C5 /* vamosPraOndeApp.app */ = {isa = PBXFileReference; explicitFileType = wrapper.application; includeInIndex = 0; path = vamosPraOndeApp.app; sourceTree = BUILT_PRODUCTS_DIR; };
		D1BAFB53291D3FBD007194C5 /* AppDelegate.swift */ = {isa = PBXFileReference; lastKnownFileType = sourcecode.swift; path = AppDelegate.swift; sourceTree = "<group>"; };
		D1BAFB5C291D3FBF007194C5 /* Assets.xcassets */ = {isa = PBXFileReference; lastKnownFileType = folder.assetcatalog; path = Assets.xcassets; sourceTree = "<group>"; };
		D1BAFB5F291D3FBF007194C5 /* Base */ = {isa = PBXFileReference; lastKnownFileType = file.storyboard; name = Base; path = Base.lproj/LaunchScreen.storyboard; sourceTree = "<group>"; };
		D1BAFB61291D3FBF007194C5 /* Info.plist */ = {isa = PBXFileReference; lastKnownFileType = text.plist.xml; path = Info.plist; sourceTree = "<group>"; };
		D1BAFB6A291D48A0007194C5 /* Urbanist-VariableFont_wght.ttf */ = {isa = PBXFileReference; lastKnownFileType = file; path = "Urbanist-VariableFont_wght.ttf"; sourceTree = "<group>"; };
		D1BAFB6C291D48A0007194C5 /* Urbanist-Bold.ttf */ = {isa = PBXFileReference; lastKnownFileType = file; path = "Urbanist-Bold.ttf"; sourceTree = "<group>"; };
		D1BAFB6D291D48A0007194C5 /* Urbanist-Regular.ttf */ = {isa = PBXFileReference; lastKnownFileType = file; path = "Urbanist-Regular.ttf"; sourceTree = "<group>"; };
		D1BAFB6E291D48A0007194C5 /* Urbanist-LightItalic.ttf */ = {isa = PBXFileReference; lastKnownFileType = file; path = "Urbanist-LightItalic.ttf"; sourceTree = "<group>"; };
		D1BAFB6F291D48A0007194C5 /* Urbanist-ExtraLightItalic.ttf */ = {isa = PBXFileReference; lastKnownFileType = file; path = "Urbanist-ExtraLightItalic.ttf"; sourceTree = "<group>"; };
		D1BAFB70291D48A0007194C5 /* Urbanist-ExtraBoldItalic.ttf */ = {isa = PBXFileReference; lastKnownFileType = file; path = "Urbanist-ExtraBoldItalic.ttf"; sourceTree = "<group>"; };
		D1BAFB71291D48A0007194C5 /* Urbanist-Thin.ttf */ = {isa = PBXFileReference; lastKnownFileType = file; path = "Urbanist-Thin.ttf"; sourceTree = "<group>"; };
		D1BAFB72291D48A0007194C5 /* Urbanist-MediumItalic.ttf */ = {isa = PBXFileReference; lastKnownFileType = file; path = "Urbanist-MediumItalic.ttf"; sourceTree = "<group>"; };
		D1BAFB73291D48A0007194C5 /* Urbanist-SemiBold.ttf */ = {isa = PBXFileReference; lastKnownFileType = file; path = "Urbanist-SemiBold.ttf"; sourceTree = "<group>"; };
		D1BAFB74291D48A0007194C5 /* Urbanist-Italic.ttf */ = {isa = PBXFileReference; lastKnownFileType = file; path = "Urbanist-Italic.ttf"; sourceTree = "<group>"; };
		D1BAFB75291D48A0007194C5 /* Urbanist-Black.ttf */ = {isa = PBXFileReference; lastKnownFileType = file; path = "Urbanist-Black.ttf"; sourceTree = "<group>"; };
		D1BAFB76291D48A0007194C5 /* Urbanist-BlackItalic.ttf */ = {isa = PBXFileReference; lastKnownFileType = file; path = "Urbanist-BlackItalic.ttf"; sourceTree = "<group>"; };
		D1BAFB77291D48A0007194C5 /* Urbanist-Light.ttf */ = {isa = PBXFileReference; lastKnownFileType = file; path = "Urbanist-Light.ttf"; sourceTree = "<group>"; };
		D1BAFB78291D48A0007194C5 /* Urbanist-SemiBoldItalic.ttf */ = {isa = PBXFileReference; lastKnownFileType = file; path = "Urbanist-SemiBoldItalic.ttf"; sourceTree = "<group>"; };
		D1BAFB79291D48A0007194C5 /* Urbanist-BoldItalic.ttf */ = {isa = PBXFileReference; lastKnownFileType = file; path = "Urbanist-BoldItalic.ttf"; sourceTree = "<group>"; };
		D1BAFB7A291D48A0007194C5 /* Urbanist-ExtraBold.ttf */ = {isa = PBXFileReference; lastKnownFileType = file; path = "Urbanist-ExtraBold.ttf"; sourceTree = "<group>"; };
		D1BAFB7B291D48A0007194C5 /* Urbanist-Medium.ttf */ = {isa = PBXFileReference; lastKnownFileType = file; path = "Urbanist-Medium.ttf"; sourceTree = "<group>"; };
		D1BAFB7C291D48A0007194C5 /* Urbanist-ExtraLight.ttf */ = {isa = PBXFileReference; lastKnownFileType = file; path = "Urbanist-ExtraLight.ttf"; sourceTree = "<group>"; };
		D1BAFB7D291D48A0007194C5 /* Urbanist-ThinItalic.ttf */ = {isa = PBXFileReference; lastKnownFileType = file; path = "Urbanist-ThinItalic.ttf"; sourceTree = "<group>"; };
		D1BAFB80291D48A0007194C5 /* Urbanist-Italic-VariableFont_wght.ttf */ = {isa = PBXFileReference; lastKnownFileType = file; path = "Urbanist-Italic-VariableFont_wght.ttf"; sourceTree = "<group>"; };
		D1E2735D296CED5B00ED5441 /* LocationManager.swift */ = {isa = PBXFileReference; lastKnownFileType = sourcecode.swift; path = LocationManager.swift; sourceTree = "<group>"; };
		D7B20DE226C69E153761B90C /* SocialSignInButtons.swift */ = {isa = PBXFileReference; includeInIndex = 1; lastKnownFileType = sourcecode.swift; path = SocialSignInButtons.swift; sourceTree = "<group>"; };
		E06674E2EB2E93DBD31F36A3 /* Pods-vamosPraOndeAppTests.debug.xcconfig */ = {isa = PBXFileReference; includeInIndex = 1; lastKnownFileType = text.xcconfig; name = "Pods-vamosPraOndeAppTests.debug.xcconfig"; path = "Target Support Files/Pods-vamosPraOndeAppTests/Pods-vamosPraOndeAppTests.debug.xcconfig"; sourceTree = "<group>"; };
		E54FCA19A3E6E3EA50B97F36 /* Spacing.swift */ = {isa = PBXFileReference; includeInIndex = 1; lastKnownFileType = sourcecode.swift; path = Spacing.swift; sourceTree = "<group>"; };
		EFBA7634B6CFB8C290C2952B /* WeatherProvider.swift */ = {isa = PBXFileReference; includeInIndex = 1; lastKnownFileType = sourcecode.swift; path = WeatherProvider.swift; sourceTree = "<group>"; };
		F475203DA568856EF307222B /* AuthHeader.swift */ = {isa = PBXFileReference; includeInIndex = 1; lastKnownFileType = sourcecode.swift; path = AuthHeader.swift; sourceTree = "<group>"; };
		FED78FC0757BCC0FC8527BBF /* Secrets.plist */ = {isa = PBXFileReference; includeInIndex = 1; lastKnownFileType = text.plist.xml; path = Secrets.plist; sourceTree = "<group>"; };
/* End PBXFileReference section */

/* Begin PBXFrameworksBuildPhase section */
		157FA2C215201CD9DEA4413B /* Frameworks */ = {
			isa = PBXFrameworksBuildPhase;
			buildActionMask = 2147483647;
			files = (
				0E2EC4E68DAE2A88C50B4C6D /* Foundation.framework in Frameworks */,
			);
			runOnlyForDeploymentPostprocessing = 0;
		};
		D1BAFB4D291D3FBD007194C5 /* Frameworks */ = {
			isa = PBXFrameworksBuildPhase;
			buildActionMask = 2147483647;
			files = (
				441C3C4C0D4AB5F43B8C04E5 /* Pods_vamosPraOndeApp.framework in Frameworks */,
			);
			runOnlyForDeploymentPostprocessing = 0;
		};
		DD2DA4085A8D4CA9D4ABA443 /* Frameworks */ = {
			isa = PBXFrameworksBuildPhase;
			buildActionMask = 2147483647;
			files = (
				A1CDFCEACA11332F58FA93C5 /* Foundation.framework in Frameworks */,
				0DFA3B1CE31E388262FD7EE9 /* Pods_vamosPraOndeAppTests.framework in Frameworks */,
			);
			runOnlyForDeploymentPostprocessing = 0;
		};
/* End PBXFrameworksBuildPhase section */

/* Begin PBXGroup section */
		01B40AA05028869F94E18736 /* iOS */ = {
			isa = PBXGroup;
			children = (
				5801109F556166FCE44A0C84 /* Foundation.framework */,
			);
			name = iOS;
			sourceTree = "<group>";
		};
		039CD19441B172D501418DDF /* Checklist */ = {
			isa = PBXGroup;
			children = (
				B825DB56D6E1DB92C43C9A90 /* ChecklistView.swift */,
			);
			path = Checklist;
			sourceTree = "<group>";
		};
		13D57E05D2506696CC43A8DA /* DesignSystem */ = {
			isa = PBXGroup;
			children = (
				6B36ED71B036CE1129056B2F /* AppColor.swift */,
				72593CC4AC6BB5144E159D9C /* AppFont.swift */,
				E54FCA19A3E6E3EA50B97F36 /* Spacing.swift */,
				53923FC28D728BE268C50AC5 /* PrimaryButtonStyle.swift */,
				89AB746F5ECA445E9D3E1DEA /* SunsetCover.swift */,
				A741242B7F72183F80E1FCE6 /* AppTextField.swift */,
				715796514FBEA826675FB981 /* ErrorBanner.swift */,
				53EA303ED50DFD784E0DA6FD /* Appear.swift */,
				6A97CB002593454ABC157BBA /* ProceduralCover.swift */,
			);
			path = DesignSystem;
			sourceTree = "<group>";
		};
		17D537F0394F28E31C48D2A1 /* Utilities */ = {
			isa = PBXGroup;
			children = (
				B6717499BB05FED71D3E7044 /* Countdown.swift */,
				1869A1CFF98B575CCDB88571 /* DestinationSorting.swift */,
				56DC68679043A01C61BFA269 /* ChecklistTemplates.swift */,
				9578FF8E0BAF23A94D662608 /* AppleAuth.swift */,
				71F31DAEEF0F63FE46C3E2E5 /* Haptics.swift */,
			);
			path = Utilities;
			sourceTree = "<group>";
		};
		1F5A377F24B8B0B701B5A5D6 /* Profile */ = {
			isa = PBXGroup;
			children = (
				40C91FAE89B00AF2B5D82750 /* ProfileView.swift */,
			);
			path = Profile;
			sourceTree = "<group>";
		};
		2D465C378E421E505E0C7725 /* vamosPraOndeAppTests */ = {
			isa = PBXGroup;
			children = (
				7D78C807CB5AE97714742A01 /* CountdownTests.swift */,
				451BCC5913B450ADADCE7182 /* DestinationTests.swift */,
				8458F5F2E5D185F64493E1FE /* FeatureLogicTests.swift */,
				03EBD4659496E3AA768CC5C4 /* ChecklistTests.swift */,
			);
			path = vamosPraOndeAppTests;
			sourceTree = "<group>";
		};
		2F248B36616962A7CFBFC394 /* Models */ = {
			isa = PBXGroup;
			children = (
				2EDE28040F39CCD5CCD172DF /* Destination.swift */,
				422C7A5E9EE612A363051AF9 /* ChecklistItem.swift */,
				681785E5ADE4ACE8EDD597B2 /* TripStop.swift */,
			);
			path = Models;
			sourceTree = "<group>";
		};
		362E522823DE84B0A0062B23 /* VamosWidget */ = {
			isa = PBXGroup;
			children = (
				B1ED369D3F6960C39E95093C /* VamosWidget.swift */,
				080FE931DBB31B7C15258CA1 /* Info.plist */,
				B24C0C6D065810A6D844E0E8 /* VamosWidget.entitlements */,
			);
			path = VamosWidget;
			sourceTree = "<group>";
		};
		47F0EE999F40310894777328 /* Splash */ = {
			isa = PBXGroup;
			children = (
				B908F493AFD9AA09E1CBBE6D /* SplashScreen.swift */,
			);
			name = Splash;
			path = Splash;
			sourceTree = "<group>";
		};
		51C69AD44D8F9ED4EC413B19 /* Map */ = {
			isa = PBXGroup;
			children = (
				171687DDE285E2EE2D70436E /* TravelMapView.swift */,
			);
			path = Map;
			sourceTree = "<group>";
		};
		522F8F43118F066E151C3C57 /* Details */ = {
			isa = PBXGroup;
			children = (
				0DCDB26C3ABB8740B4EE8704 /* DestinationDetailView.swift */,
				9E7C74994CD79D2E7CE5AED9 /* CountdownShareCard.swift */,
				B21EB1BEF4F3CA4B4A8384C5 /* CoverPickerView.swift */,
			);
			path = Details;
			sourceTree = "<group>";
		};
		52FB553B2E7CA2FB4389F51F /* NewDestination */ = {
			isa = PBXGroup;
			children = (
				CC0ABAD5A36087780457D4FD /* NewDestinationView.swift */,
			);
			path = NewDestination;
			sourceTree = "<group>";
		};
		5347DB574CBF304E70A1AA18 /* Auth */ = {
			isa = PBXGroup;
			children = (
				3A34A419395F409009F3EB25 /* AuthFlowView.swift */,
				F475203DA568856EF307222B /* AuthHeader.swift */,
				759693CF363A15BF3D16B2D1 /* LoginView.swift */,
				0262E62ED903E239FE87B306 /* SignUpView.swift */,
				1F0DD5C62A38F190DBD4DB8E /* ResetPasswordView.swift */,
				D7B20DE226C69E153761B90C /* SocialSignInButtons.swift */,
			);
			path = Auth;
			sourceTree = "<group>";
		};
		53EE824460769E6DFE34A68E /* Onboarding */ = {
			isa = PBXGroup;
			children = (
				11DB5B773232E1F694881267 /* OnboardingView.swift */,
			);
			name = Onboarding;
			path = Onboarding;
			sourceTree = "<group>";
		};
		5E0F1E0CABD56728232D0400 /* Welcome */ = {
			isa = PBXGroup;
			children = (
				799EFFED51CAB6C06E8D343D /* WelcomeView.swift */,
			);
			path = Welcome;
			sourceTree = "<group>";
		};
		6083CF7F13AFB52B0FD69BC1 /* Services */ = {
			isa = PBXGroup;
			children = (
				409CD1E05CA693E1110F0D03 /* AuthService.swift */,
				46339FCAC58D42DA1050B703 /* DestinationsRepository.swift */,
				85EFE2BA27D6463F18CFED81 /* LocationService.swift */,
				23AF5E5BEBEEE0DED5CAFDFE /* NotificationService.swift */,
				EFBA7634B6CFB8C290C2952B /* WeatherProvider.swift */,
				8EC533E0219EC8F9A1773714 /* TimeZoneService.swift */,
				AE9550528BF5AD8FE37F6279 /* UserLocationProvider.swift */,
				C6BA3454976B07F02479A5FC /* DestinationPhotoProvider.swift */,
				3FDDF45CD0859471994BB316 /* NearbyPlacesService.swift */,
				16AF3D62F640E0477C60CE9B /* AnalyticsService.swift */,
			);
			path = Services;
			sourceTree = "<group>";
		};
		6CC1694C4F6FB2B9BEBCB139 /* Shared */ = {
			isa = PBXGroup;
			children = (
				0C25B48F07AAB2CEA0D2F0A4 /* NextTripSnapshot.swift */,
			);
			path = Shared;
			sourceTree = "<group>";
		};
		86411F9A8D4F9BAD23DCDD76 /* Home */ = {
			isa = PBXGroup;
			children = (
				210C8D7CB5A8BA3F1CD9CEF3 /* HomeView.swift */,
				08A2719934CFBBDAD3740235 /* DestinationCards.swift */,
			);
			path = Home;
			sourceTree = "<group>";
		};
		9F069D53D60CEB12EE8B1E7C /* App */ = {
			isa = PBXGroup;
			children = (
				55194F69F87840C0747B7C1E /* VamosPraOndeApp.swift */,
				C25693AA1C51D6E11D17BBD3 /* RootView.swift */,
			);
			path = App;
			sourceTree = "<group>";
		};
		A133D876E5ABD72581A5F674 /* Pods */ = {
			isa = PBXGroup;
			children = (
				49EFACD31BFE6198AE844676 /* Pods-vamosPraOndeApp.debug.xcconfig */,
				B483464773C9CBA3A2498537 /* Pods-vamosPraOndeApp.release.xcconfig */,
				53D75C8C213204040912F463 /* Pods-vamosPraOndeAppTests.release.xcconfig */,
				E06674E2EB2E93DBD31F36A3 /* Pods-vamosPraOndeAppTests.debug.xcconfig */,
			);
			path = Pods;
			sourceTree = "<group>";
		};
		B6EA7B39A09B9196A370BC80 /* Root */ = {
			isa = PBXGroup;
			children = (
				A116D53720216B156AEDB022 /* MainTabView.swift */,
			);
			path = Root;
			sourceTree = "<group>";
		};
		D17548CF294E780B002E65B8 /* NewDestination */ = {
			isa = PBXGroup;
			children = (
				D1E2735D296CED5B00ED5441 /* LocationManager.swift */,
			);
			path = NewDestination;
			sourceTree = "<group>";
		};
		D1BAFB47291D3FBD007194C5 = {
			isa = PBXGroup;
			children = (
				D1BAFB52291D3FBD007194C5 /* vamosPraOndeApp */,
				D1BAFB51291D3FBD007194C5 /* Products */,
				A133D876E5ABD72581A5F674 /* Pods */,
				F96F868701B46C1EF84ECA3E /* Frameworks */,
				2D465C378E421E505E0C7725 /* vamosPraOndeAppTests */,
				362E522823DE84B0A0062B23 /* VamosWidget */,
			);
			sourceTree = "<group>";
		};
		D1BAFB51291D3FBD007194C5 /* Products */ = {
			isa = PBXGroup;
			children = (
				D1BAFB50291D3FBD007194C5 /* vamosPraOndeApp.app */,
				9A97553A02970F72370C77A1 /* vamosPraOndeAppTests.xctest */,
				BAB7582C2AD66EB703389C83 /* VamosWidget.appex */,
			);
			name = Products;
			sourceTree = "<group>";
		};
		D1BAFB52291D3FBD007194C5 /* vamosPraOndeApp */ = {
			isa = PBXGroup;
			children = (
				D1BAFB53291D3FBD007194C5 /* AppDelegate.swift */,
				D17548CF294E780B002E65B8 /* NewDestination */,
				D1BAFB5C291D3FBF007194C5 /* Assets.xcassets */,
				D1BAFB5E291D3FBF007194C5 /* LaunchScreen.storyboard */,
				D1BAFB69291D48A0007194C5 /* Urbanist */,
				D1BAFB61291D3FBF007194C5 /* Info.plist */,
				D14C4AF429675A8200065186 /* GoogleService-Info.plist */,
				13D57E05D2506696CC43A8DA /* DesignSystem */,
				9F069D53D60CEB12EE8B1E7C /* App */,
				F179B0EA47AE5CA349988B71 /* Features */,
				6083CF7F13AFB52B0FD69BC1 /* Services */,
				5588CBDB4A32B6D786569BFB /* vamosPraOndeApp.entitlements */,
				2F248B36616962A7CFBFC394 /* Models */,
				17D537F0394F28E31C48D2A1 /* Utilities */,
				97AA1D491AE12D7FE50A5037 /* PrivacyInfo.xcprivacy */,
				6CC1694C4F6FB2B9BEBCB139 /* Shared */,
				FED78FC0757BCC0FC8527BBF /* Secrets.plist */,
				AB01782A64F847E71A553CD5 /* Localizable.xcstrings */,
				65BE014A7FC7B9C67C11AA7A /* InfoPlist.xcstrings */,
			);
			path = vamosPraOndeApp;
			sourceTree = "<group>";
		};
		D1BAFB69291D48A0007194C5 /* Urbanist */ = {
			isa = PBXGroup;
			children = (
				D1BAFB6B291D48A0007194C5 /* static */,
				D1BAFB80291D48A0007194C5 /* Urbanist-Italic-VariableFont_wght.ttf */,
				D1BAFB6A291D48A0007194C5 /* Urbanist-VariableFont_wght.ttf */,
			);
			path = Urbanist;
			sourceTree = "<group>";
		};
		D1BAFB6B291D48A0007194C5 /* static */ = {
			isa = PBXGroup;
			children = (
				D1BAFB6C291D48A0007194C5 /* Urbanist-Bold.ttf */,
				D1BAFB6D291D48A0007194C5 /* Urbanist-Regular.ttf */,
				D1BAFB6E291D48A0007194C5 /* Urbanist-LightItalic.ttf */,
				D1BAFB6F291D48A0007194C5 /* Urbanist-ExtraLightItalic.ttf */,
				D1BAFB70291D48A0007194C5 /* Urbanist-ExtraBoldItalic.ttf */,
				D1BAFB71291D48A0007194C5 /* Urbanist-Thin.ttf */,
				D1BAFB72291D48A0007194C5 /* Urbanist-MediumItalic.ttf */,
				D1BAFB73291D48A0007194C5 /* Urbanist-SemiBold.ttf */,
				D1BAFB74291D48A0007194C5 /* Urbanist-Italic.ttf */,
				D1BAFB75291D48A0007194C5 /* Urbanist-Black.ttf */,
				D1BAFB76291D48A0007194C5 /* Urbanist-BlackItalic.ttf */,
				D1BAFB77291D48A0007194C5 /* Urbanist-Light.ttf */,
				D1BAFB78291D48A0007194C5 /* Urbanist-SemiBoldItalic.ttf */,
				D1BAFB79291D48A0007194C5 /* Urbanist-BoldItalic.ttf */,
				D1BAFB7A291D48A0007194C5 /* Urbanist-ExtraBold.ttf */,
				D1BAFB7B291D48A0007194C5 /* Urbanist-Medium.ttf */,
				D1BAFB7C291D48A0007194C5 /* Urbanist-ExtraLight.ttf */,
				D1BAFB7D291D48A0007194C5 /* Urbanist-ThinItalic.ttf */,
			);
			path = static;
			sourceTree = "<group>";
		};
		F179B0EA47AE5CA349988B71 /* Features */ = {
			isa = PBXGroup;
			children = (
				5E0F1E0CABD56728232D0400 /* Welcome */,
				5347DB574CBF304E70A1AA18 /* Auth */,
				86411F9A8D4F9BAD23DCDD76 /* Home */,
				52FB553B2E7CA2FB4389F51F /* NewDestination */,
				522F8F43118F066E151C3C57 /* Details */,
				039CD19441B172D501418DDF /* Checklist */,
				51C69AD44D8F9ED4EC413B19 /* Map */,
				B6EA7B39A09B9196A370BC80 /* Root */,
				1F5A377F24B8B0B701B5A5D6 /* Profile */,
				47F0EE999F40310894777328 /* Splash */,
				53EE824460769E6DFE34A68E /* Onboarding */,
			);
			path = Features;
			sourceTree = "<group>";
		};
		F96F868701B46C1EF84ECA3E /* Frameworks */ = {
			isa = PBXGroup;
			children = (
				5F2B4EBA720129FB7A8814AB /* Pods_vamosPraOndeApp.framework */,
				01B40AA05028869F94E18736 /* iOS */,
				4839A72F988E52DBEA7FF9C4 /* Pods_vamosPraOndeAppTests.framework */,
			);
			name = Frameworks;
			sourceTree = "<group>";
		};
/* End PBXGroup section */

/* Begin PBXNativeTarget section */
		A196202C8F2A77858F2CB830 /* vamosPraOndeAppTests */ = {
			isa = PBXNativeTarget;
			buildConfigurationList = F0D275BE9608C981744BA941 /* Build configuration list for PBXNativeTarget "vamosPraOndeAppTests" */;
			buildPhases = (
				9067CCAE592A4DF9FD5A2653 /* [CP] Check Pods Manifest.lock */,
				F6523D91ED4E20BF30F12C81 /* Sources */,
				DD2DA4085A8D4CA9D4ABA443 /* Frameworks */,
				02EA3235B93FB29387F50DB7 /* Resources */,
			);
			buildRules = (
			);
			dependencies = (
				A6F1E61A97A2A220FA2A104B /* PBXTargetDependency */,
			);
			name = vamosPraOndeAppTests;
			productName = vamosPraOndeAppTests;
			productReference = 9A97553A02970F72370C77A1 /* vamosPraOndeAppTests.xctest */;
			productType = "com.apple.product-type.bundle.unit-test";
		};
		B0B11B99C6CC5B58EF17CE18 /* VamosWidget */ = {
			isa = PBXNativeTarget;
			buildConfigurationList = 329AF6FC0E217C59F7B7BF41 /* Build configuration list for PBXNativeTarget "VamosWidget" */;
			buildPhases = (
				25828FC2B6958B03180BC0C5 /* Sources */,
				157FA2C215201CD9DEA4413B /* Frameworks */,
				5FD2E3BEE67594D55255AED2 /* Resources */,
			);
			buildRules = (
			);
			dependencies = (
			);
			name = VamosWidget;
			productName = VamosWidget;
			productReference = BAB7582C2AD66EB703389C83 /* VamosWidget.appex */;
			productType = "com.apple.product-type.app-extension";
		};
		D1BAFB4F291D3FBD007194C5 /* vamosPraOndeApp */ = {
			isa = PBXNativeTarget;
			buildConfigurationList = D1BAFB64291D3FBF007194C5 /* Build configuration list for PBXNativeTarget "vamosPraOndeApp" */;
			buildPhases = (
				9514D7F86C2ED8923F029A1F /* [CP] Check Pods Manifest.lock */,
				D1BAFB4C291D3FBD007194C5 /* Sources */,
				D1BAFB4D291D3FBD007194C5 /* Frameworks */,
				D1BAFB4E291D3FBD007194C5 /* Resources */,
				6394FCCF8B87F811DE44DE4D /* [CP] Embed Pods Frameworks */,
				25555CA1B753407D6C0DA724 /* Embed Foundation Extensions */,
				FFF808DFEF2B00BFC6A20770 /* Crashlytics (upload dSYMs) */,
			);
			buildRules = (
			);
			dependencies = (
				8C29507EB854E8E6212F1265 /* PBXTargetDependency */,
			);
			name = vamosPraOndeApp;
			productName = vamosPraOndeApp;
			productReference = D1BAFB50291D3FBD007194C5 /* vamosPraOndeApp.app */;
			productType = "com.apple.product-type.application";
		};
/* End PBXNativeTarget section */

/* Begin PBXProject section */
		D1BAFB48291D3FBD007194C5 /* Project object */ = {
			isa = PBXProject;
			attributes = {
				BuildIndependentTargetsInParallel = 1;
				LastSwiftUpdateCheck = 1410;
				LastUpgradeCheck = 1410;
				TargetAttributes = {
					D1BAFB4F291D3FBD007194C5 = {
						CreatedOnToolsVersion = 14.1;
					};
				};
			};
			buildConfigurationList = D1BAFB4B291D3FBD007194C5 /* Build configuration list for PBXProject "vamosPraOndeApp" */;
			compatibilityVersion = "Xcode 14.0";
			developmentRegion = en;
			hasScannedForEncodings = 0;
			knownRegions = (
				en,
				Base,
				"pt-BR",
			);
			mainGroup = D1BAFB47291D3FBD007194C5;
			productRefGroup = D1BAFB51291D3FBD007194C5 /* Products */;
			projectDirPath = "";
			projectRoot = "";
			targets = (
				D1BAFB4F291D3FBD007194C5 /* vamosPraOndeApp */,
				A196202C8F2A77858F2CB830 /* vamosPraOndeAppTests */,
				B0B11B99C6CC5B58EF17CE18 /* VamosWidget */,
			);
		};
/* End PBXProject section */

/* Begin PBXResourcesBuildPhase section */
		02EA3235B93FB29387F50DB7 /* Resources */ = {
			isa = PBXResourcesBuildPhase;
			buildActionMask = 2147483647;
			files = (
			);
			runOnlyForDeploymentPostprocessing = 0;
		};
		5FD2E3BEE67594D55255AED2 /* Resources */ = {
			isa = PBXResourcesBuildPhase;
			buildActionMask = 2147483647;
			files = (
			);
			runOnlyForDeploymentPostprocessing = 0;
		};
		D1BAFB4E291D3FBD007194C5 /* Resources */ = {
			isa = PBXResourcesBuildPhase;
			buildActionMask = 2147483647;
			files = (
				D1BAFB85291D48A0007194C5 /* Urbanist-ExtraLightItalic.ttf in Resources */,
				D1BAFB84291D48A0007194C5 /* Urbanist-LightItalic.ttf in Resources */,
				D1BAFB88291D48A0007194C5 /* Urbanist-MediumItalic.ttf in Resources */,
				D1BAFB8F291D48A0007194C5 /* Urbanist-BoldItalic.ttf in Resources */,
				D1BAFB60291D3FBF007194C5 /* LaunchScreen.storyboard in Resources */,
				D1BAFB93291D48A0007194C5 /* Urbanist-ThinItalic.ttf in Resources */,
				D1BAFB8B291D48A0007194C5 /* Urbanist-Black.ttf in Resources */,
				D1BAFB82291D48A0007194C5 /* Urbanist-Bold.ttf in Resources */,
				D1BAFB81291D48A0007194C5 /* Urbanist-VariableFont_wght.ttf in Resources */,
				D1BAFB8A291D48A0007194C5 /* Urbanist-Italic.ttf in Resources */,
				D1BAFB92291D48A0007194C5 /* Urbanist-ExtraLight.ttf in Resources */,
				D1BAFB5D291D3FBF007194C5 /* Assets.xcassets in Resources */,
				D1BAFB8C291D48A0007194C5 /* Urbanist-BlackItalic.ttf in Resources */,
				D1BAFB86291D48A0007194C5 /* Urbanist-ExtraBoldItalic.ttf in Resources */,
				D1BAFB8D291D48A0007194C5 /* Urbanist-Light.ttf in Resources */,
				D1BAFB96291D48A0007194C5 /* Urbanist-Italic-VariableFont_wght.ttf in Resources */,
				D14C4AF529675A8200065186 /* GoogleService-Info.plist in Resources */,
				D1BAFB91291D48A0007194C5 /* Urbanist-Medium.ttf in Resources */,
				D1BAFB90291D48A0007194C5 /* Urbanist-ExtraBold.ttf in Resources */,
				D1BAFB8E291D48A0007194C5 /* Urbanist-SemiBoldItalic.ttf in Resources */,
				D1BAFB89291D48A0007194C5 /* Urbanist-SemiBold.ttf in Resources */,
				D1BAFB83291D48A0007194C5 /* Urbanist-Regular.ttf in Resources */,
				D1BAFB87291D48A0007194C5 /* Urbanist-Thin.ttf in Resources */,
				CBBE7460309BFA630AF41684 /* PrivacyInfo.xcprivacy in Resources */,
				CF465CE100590B5C38EE9A40 /* Secrets.plist in Resources */,
				B678C008443E84763E9B7419 /* Localizable.xcstrings in Resources */,
				350662C408F2ACA87ECD18F8 /* InfoPlist.xcstrings in Resources */,
			);
			runOnlyForDeploymentPostprocessing = 0;
		};
/* End PBXResourcesBuildPhase section */

/* Begin PBXShellScriptBuildPhase section */
		6394FCCF8B87F811DE44DE4D /* [CP] Embed Pods Frameworks */ = {
			isa = PBXShellScriptBuildPhase;
			buildActionMask = 2147483647;
			files = (
			);
			inputFileListPaths = (
				"${PODS_ROOT}/Target Support Files/Pods-vamosPraOndeApp/Pods-vamosPraOndeApp-frameworks-${CONFIGURATION}-input-files.xcfilelist",
			);
			name = "[CP] Embed Pods Frameworks";
			outputFileListPaths = (
				"${PODS_ROOT}/Target Support Files/Pods-vamosPraOndeApp/Pods-vamosPraOndeApp-frameworks-${CONFIGURATION}-output-files.xcfilelist",
			);
			runOnlyForDeploymentPostprocessing = 0;
			shellPath = /bin/sh;
			shellScript = "\"${PODS_ROOT}/Target Support Files/Pods-vamosPraOndeApp/Pods-vamosPraOndeApp-frameworks.sh\"\n";
			showEnvVarsInLog = 0;
		};
		9067CCAE592A4DF9FD5A2653 /* [CP] Check Pods Manifest.lock */ = {
			isa = PBXShellScriptBuildPhase;
			buildActionMask = 2147483647;
			files = (
			);
			inputFileListPaths = (
			);
			inputPaths = (
				"${PODS_PODFILE_DIR_PATH}/Podfile.lock",
				"${PODS_ROOT}/Manifest.lock",
			);
			name = "[CP] Check Pods Manifest.lock";
			outputFileListPaths = (
			);
			outputPaths = (
				"$(DERIVED_FILE_DIR)/Pods-vamosPraOndeAppTests-checkManifestLockResult.txt",
			);
			runOnlyForDeploymentPostprocessing = 0;
			shellPath = /bin/sh;
			shellScript = "diff \"${PODS_PODFILE_DIR_PATH}/Podfile.lock\" \"${PODS_ROOT}/Manifest.lock\" > /dev/null\nif [ $? != 0 ] ; then\n    # print error to STDERR\n    echo \"error: The sandbox is not in sync with the Podfile.lock. Run 'pod install' or update your CocoaPods installation.\" >&2\n    exit 1\nfi\n# This output is used by Xcode 'outputs' to avoid re-running this script phase.\necho \"SUCCESS\" > \"${SCRIPT_OUTPUT_FILE_0}\"\n";
			showEnvVarsInLog = 0;
		};
		9514D7F86C2ED8923F029A1F /* [CP] Check Pods Manifest.lock */ = {
			isa = PBXShellScriptBuildPhase;
			buildActionMask = 2147483647;
			files = (
			);
			inputFileListPaths = (
			);
			inputPaths = (
				"${PODS_PODFILE_DIR_PATH}/Podfile.lock",
				"${PODS_ROOT}/Manifest.lock",
			);
			name = "[CP] Check Pods Manifest.lock";
			outputFileListPaths = (
			);
			outputPaths = (
				"$(DERIVED_FILE_DIR)/Pods-vamosPraOndeApp-checkManifestLockResult.txt",
			);
			runOnlyForDeploymentPostprocessing = 0;
			shellPath = /bin/sh;
			shellScript = "diff \"${PODS_PODFILE_DIR_PATH}/Podfile.lock\" \"${PODS_ROOT}/Manifest.lock\" > /dev/null\nif [ $? != 0 ] ; then\n    # print error to STDERR\n    echo \"error: The sandbox is not in sync with the Podfile.lock. Run 'pod install' or update your CocoaPods installation.\" >&2\n    exit 1\nfi\n# This output is used by Xcode 'outputs' to avoid re-running this script phase.\necho \"SUCCESS\" > \"${SCRIPT_OUTPUT_FILE_0}\"\n";
			showEnvVarsInLog = 0;
		};
		FFF808DFEF2B00BFC6A20770 /* Crashlytics (upload dSYMs) */ = {
			isa = PBXShellScriptBuildPhase;
			buildActionMask = 2147483647;
			files = (
			);
			inputFileListPaths = (
			);
			inputPaths = (
				"${DWARF_DSYM_FOLDER_PATH}/${DWARF_DSYM_FILE_NAME}/Contents/Resources/DWARF/${TARGET_NAME}",
				"$(SRCROOT)/$(BUILT_PRODUCTS_DIR)/$(INFOPLIST_PATH)",
			);
			name = "Crashlytics (upload dSYMs)";
			outputFileListPaths = (
			);
			outputPaths = (
			);
			runOnlyForDeploymentPostprocessing = 0;
			shellPath = /bin/sh;
			shellScript = "\"${PODS_ROOT}/FirebaseCrashlytics/run\"\n";
		};
/* End PBXShellScriptBuildPhase section */

/* Begin PBXSourcesBuildPhase section */
		25828FC2B6958B03180BC0C5 /* Sources */ = {
			isa = PBXSourcesBuildPhase;
			buildActionMask = 2147483647;
			files = (
				54B63E9EC853986AB8DC62A2 /* VamosWidget.swift in Sources */,
				9820F58E4379C527CF450A94 /* NextTripSnapshot.swift in Sources */,
				32499C6DAD7390D3B04471CF /* Countdown.swift in Sources */,
			);
			runOnlyForDeploymentPostprocessing = 0;
		};
		D1BAFB4C291D3FBD007194C5 /* Sources */ = {
			isa = PBXSourcesBuildPhase;
			buildActionMask = 2147483647;
			files = (
				D1BAFB54291D3FBD007194C5 /* AppDelegate.swift in Sources */,
				D1E2735E296CED5B00ED5441 /* LocationManager.swift in Sources */,
				BBF64161BFB51E05B3E84A58 /* AppColor.swift in Sources */,
				B8DA8DE1FBF5364952207FAF /* AppFont.swift in Sources */,
				0D61739A14D23989A1ED1E89 /* Spacing.swift in Sources */,
				DFB81499DC458A12C4BB748D /* PrimaryButtonStyle.swift in Sources */,
				FE28F4D864B00E68FCE1237A /* SunsetCover.swift in Sources */,
				8A68B0E71084E468DCA6F9D1 /* VamosPraOndeApp.swift in Sources */,
				50D20D3DD15A9ED7F348BFE8 /* RootView.swift in Sources */,
				86C5A52894E3A21E8124549D /* WelcomeView.swift in Sources */,
				E0293645CAF40591CB82BB27 /* AuthService.swift in Sources */,
				DC7DF7DB1D314DFD291EEEF7 /* AppTextField.swift in Sources */,
				7FA281D8D93748D51DA416CE /* ErrorBanner.swift in Sources */,
				90D7DE02C6D77B5BC364A986 /* AuthFlowView.swift in Sources */,
				932282BFD16CE7A8C307F407 /* AuthHeader.swift in Sources */,
				8191779992B81C209FFFFF78 /* LoginView.swift in Sources */,
				64937C3D6A1DA0F97BB4BD89 /* SignUpView.swift in Sources */,
				D9FC06C4CD5D98EEE4FFFD63 /* ResetPasswordView.swift in Sources */,
				E401AFA31328E58A58C8D884 /* HomeView.swift in Sources */,
				95C2BCFB8EBAE03995BFC72A /* Destination.swift in Sources */,
				FA59BE03C901B0F703E9B3FC /* DestinationsRepository.swift in Sources */,
				9BF0FDB686C01157913FBA2D /* LocationService.swift in Sources */,
				832FCE1CEB653FD99FFEC49E /* Countdown.swift in Sources */,
				181399A40625F8A5443A1AE0 /* DestinationCards.swift in Sources */,
				5EFA5C9F2425D9743A6BC430 /* NewDestinationView.swift in Sources */,
				19A98A04E593BCE739B3FF7A /* DestinationDetailView.swift in Sources */,
				18249C8778EC9831FFA1C73B /* Appear.swift in Sources */,
				FC59D41C4AD488FFD91C783C /* NotificationService.swift in Sources */,
				A32F34C1681389662AF11E9C /* DestinationSorting.swift in Sources */,
				6C221049FF08F63F3B09FDA2 /* WeatherProvider.swift in Sources */,
				20FE5F85AD868F5549D7BF51 /* TimeZoneService.swift in Sources */,
				0F9D896ED069A374FA206C79 /* NextTripSnapshot.swift in Sources */,
				FB26205A97EF1E8EE8232158 /* ChecklistItem.swift in Sources */,
				DAE3560C7EDFFC781A10D7F9 /* ChecklistTemplates.swift in Sources */,
				08B7BD520B3F825AA51616FD /* ChecklistView.swift in Sources */,
				904D7C2AC8FDB8E4E354E912 /* UserLocationProvider.swift in Sources */,
				F8841C8CCE49AF19D1496F32 /* TravelMapView.swift in Sources */,
				5D419F4B3BD498FD1BB27863 /* DestinationPhotoProvider.swift in Sources */,
				9919E16E5B6F5D05FBF5EF3B /* AppleAuth.swift in Sources */,
				6F96B45EDA0667602143CB20 /* SocialSignInButtons.swift in Sources */,
				D6D3F46A5969F51C3C1B3716 /* MainTabView.swift in Sources */,
				975703D0576611F431A67DA8 /* ProfileView.swift in Sources */,
				C456D31880156C513A61EAC5 /* SplashScreen.swift in Sources */,
				C160B823E318F6C16D0C1417 /* NearbyPlacesService.swift in Sources */,
				81F2F01F8353792FF1257AD2 /* Haptics.swift in Sources */,
				7AA2B4347F96E145D65CA42D /* OnboardingView.swift in Sources */,
				9C43FC2E5D29FF9E8680D0E4 /* CountdownShareCard.swift in Sources */,
				5A7586A322934E45A8241147 /* AnalyticsService.swift in Sources */,
				8041AC41AC506828A3100761 /* ProceduralCover.swift in Sources */,
				ED6943C57244D61E90992C84 /* CoverPickerView.swift in Sources */,
				4DE9AA568E50EF651BECE632 /* TripStop.swift in Sources */,
			);
			runOnlyForDeploymentPostprocessing = 0;
		};
		F6523D91ED4E20BF30F12C81 /* Sources */ = {
			isa = PBXSourcesBuildPhase;
			buildActionMask = 2147483647;
			files = (
				4CEE741F83281B677D5917AB /* CountdownTests.swift in Sources */,
				B7D7480FD5B256D9538F70FC /* DestinationTests.swift in Sources */,
				68AD0517171D23305ED97348 /* FeatureLogicTests.swift in Sources */,
				7464D45E3C6B735A2D0A00D2 /* ChecklistTests.swift in Sources */,
			);
			runOnlyForDeploymentPostprocessing = 0;
		};
/* End PBXSourcesBuildPhase section */

/* Begin PBXTargetDependency section */
		8C29507EB854E8E6212F1265 /* PBXTargetDependency */ = {
			isa = PBXTargetDependency;
			name = VamosWidget;
			target = B0B11B99C6CC5B58EF17CE18 /* VamosWidget */;
			targetProxy = 03B9C59B033DE3C210008435 /* PBXContainerItemProxy */;
		};
		A6F1E61A97A2A220FA2A104B /* PBXTargetDependency */ = {
			isa = PBXTargetDependency;
			name = vamosPraOndeApp;
			target = D1BAFB4F291D3FBD007194C5 /* vamosPraOndeApp */;
			targetProxy = 3494EA2C8681FFF24FD68CAD /* PBXContainerItemProxy */;
		};
/* End PBXTargetDependency section */

/* Begin PBXVariantGroup section */
		D1BAFB5E291D3FBF007194C5 /* LaunchScreen.storyboard */ = {
			isa = PBXVariantGroup;
			children = (
				D1BAFB5F291D3FBF007194C5 /* Base */,
			);
			name = LaunchScreen.storyboard;
			sourceTree = "<group>";
		};
/* End PBXVariantGroup section */

/* Begin XCBuildConfiguration section */
		31DD634BEF1422FC351A5740 /* Debug */ = {
			isa = XCBuildConfiguration;
			buildSettings = {
				CLANG_ENABLE_OBJC_WEAK = NO;
				CODE_SIGN_ENTITLEMENTS = VamosWidget/VamosWidget.entitlements;
				CODE_SIGN_STYLE = Automatic;
				CURRENT_PROJECT_VERSION = 6;
				DEVELOPMENT_TEAM = YUJ28KYKT3;
				GENERATE_INFOPLIST_FILE = NO;
				INFOPLIST_FILE = VamosWidget/Info.plist;
				IPHONEOS_DEPLOYMENT_TARGET = 17.0;
				LD_RUNPATH_SEARCH_PATHS = (
					"$(inherited)",
					"@executable_path/Frameworks",
					"@executable_path/../../Frameworks",
				);
				MARKETING_VERSION = 1.0;
				PRODUCT_BUNDLE_IDENTIFIER = ronaldoribeiro.vamosPraOndeApp.VamosWidget;
				PRODUCT_NAME = "$(TARGET_NAME)";
				SDKROOT = iphoneos;
				SKIP_INSTALL = YES;
				SWIFT_VERSION = 5.0;
				TARGETED_DEVICE_FAMILY = "1,2";
			};
			name = Debug;
		};
		6E3BE41FEC088F3DC54522EE /* Release */ = {
			isa = XCBuildConfiguration;
			baseConfigurationReference = 53D75C8C213204040912F463 /* Pods-vamosPraOndeAppTests.release.xcconfig */;
			buildSettings = {
				BUNDLE_LOADER = "$(TEST_HOST)";
				CLANG_ENABLE_OBJC_WEAK = NO;
				CODE_SIGN_STYLE = Automatic;
				DEVELOPMENT_TEAM = YUJ28KYKT3;
				GENERATE_INFOPLIST_FILE = YES;
				INFOPLIST_KEY_LSApplicationCategoryType = "";
				IPHONEOS_DEPLOYMENT_TARGET = 17.0;
				PRODUCT_BUNDLE_IDENTIFIER = ronaldoribeiro.vamosPraOndeAppTests;
				PRODUCT_NAME = "$(TARGET_NAME)";
				SDKROOT = iphoneos;
				SWIFT_VERSION = 5.0;
				TEST_HOST = "$(BUILT_PRODUCTS_DIR)/vamosPraOndeApp.app/$(BUNDLE_EXECUTABLE_FOLDER_PATH)/vamosPraOndeApp";
				VALIDATE_PRODUCT = YES;
			};
			name = Release;
		};
		7B363475DE3AB447FDC09F24 /* Release */ = {
			isa = XCBuildConfiguration;
			buildSettings = {
				CLANG_ENABLE_OBJC_WEAK = NO;
				CODE_SIGN_ENTITLEMENTS = VamosWidget/VamosWidget.entitlements;
				CODE_SIGN_STYLE = Automatic;
				CURRENT_PROJECT_VERSION = 6;
				DEVELOPMENT_TEAM = YUJ28KYKT3;
				GENERATE_INFOPLIST_FILE = NO;
				INFOPLIST_FILE = VamosWidget/Info.plist;
				IPHONEOS_DEPLOYMENT_TARGET = 17.0;
				LD_RUNPATH_SEARCH_PATHS = (
					"$(inherited)",
					"@executable_path/Frameworks",
					"@executable_path/../../Frameworks",
				);
				MARKETING_VERSION = 1.0;
				PRODUCT_BUNDLE_IDENTIFIER = ronaldoribeiro.vamosPraOndeApp.VamosWidget;
				PRODUCT_NAME = "$(TARGET_NAME)";
				SDKROOT = iphoneos;
				SKIP_INSTALL = YES;
				SWIFT_VERSION = 5.0;
				TARGETED_DEVICE_FAMILY = "1,2";
				VALIDATE_PRODUCT = YES;
			};
			name = Release;
		};
		A725113224C0DBD987F8B951 /* Debug */ = {
			isa = XCBuildConfiguration;
			baseConfigurationReference = E06674E2EB2E93DBD31F36A3 /* Pods-vamosPraOndeAppTests.debug.xcconfig */;
			buildSettings = {
				BUNDLE_LOADER = "$(TEST_HOST)";
				CLANG_ENABLE_OBJC_WEAK = NO;
				CODE_SIGN_STYLE = Automatic;
				DEVELOPMENT_TEAM = YUJ28KYKT3;
				GENERATE_INFOPLIST_FILE = YES;
				INFOPLIST_KEY_LSApplicationCategoryType = "";
				IPHONEOS_DEPLOYMENT_TARGET = 17.0;
				PRODUCT_BUNDLE_IDENTIFIER = ronaldoribeiro.vamosPraOndeAppTests;
				PRODUCT_NAME = "$(TARGET_NAME)";
				SDKROOT = iphoneos;
				SWIFT_VERSION = 5.0;
				TEST_HOST = "$(BUILT_PRODUCTS_DIR)/vamosPraOndeApp.app/$(BUNDLE_EXECUTABLE_FOLDER_PATH)/vamosPraOndeApp";
			};
			name = Debug;
		};
		D1BAFB62291D3FBF007194C5 /* Debug */ = {
			isa = XCBuildConfiguration;
			buildSettings = {
				ALWAYS_SEARCH_USER_PATHS = NO;
				CLANG_ANALYZER_NONNULL = YES;
				CLANG_ANALYZER_NUMBER_OBJECT_CONVERSION = YES_AGGRESSIVE;
				CLANG_CXX_LANGUAGE_STANDARD = "gnu++20";
				CLANG_ENABLE_MODULES = YES;
				CLANG_ENABLE_OBJC_ARC = YES;
				CLANG_ENABLE_OBJC_WEAK = YES;
				CLANG_WARN_BLOCK_CAPTURE_AUTORELEASING = YES;
				CLANG_WARN_BOOL_CONVERSION = YES;
				CLANG_WARN_COMMA = YES;
				CLANG_WARN_CONSTANT_CONVERSION = YES;
				CLANG_WARN_DEPRECATED_OBJC_IMPLEMENTATIONS = YES;
				CLANG_WARN_DIRECT_OBJC_ISA_USAGE = YES_ERROR;
				CLANG_WARN_DOCUMENTATION_COMMENTS = YES;
				CLANG_WARN_EMPTY_BODY = YES;
				CLANG_WARN_ENUM_CONVERSION = YES;
				CLANG_WARN_INFINITE_RECURSION = YES;
				CLANG_WARN_INT_CONVERSION = YES;
				CLANG_WARN_NON_LITERAL_NULL_CONVERSION = YES;
				CLANG_WARN_OBJC_IMPLICIT_RETAIN_SELF = YES;
				CLANG_WARN_OBJC_LITERAL_CONVERSION = YES;
				CLANG_WARN_OBJC_ROOT_CLASS = YES_ERROR;
				CLANG_WARN_QUOTED_INCLUDE_IN_FRAMEWORK_HEADER = YES;
				CLANG_WARN_RANGE_LOOP_ANALYSIS = YES;
				CLANG_WARN_STRICT_PROTOTYPES = YES;
				CLANG_WARN_SUSPICIOUS_MOVE = YES;
				CLANG_WARN_UNGUARDED_AVAILABILITY = YES_AGGRESSIVE;
				CLANG_WARN_UNREACHABLE_CODE = YES;
				CLANG_WARN__DUPLICATE_METHOD_MATCH = YES;
				COPY_PHASE_STRIP = NO;
				DEBUG_INFORMATION_FORMAT = dwarf;
				ENABLE_STRICT_OBJC_MSGSEND = YES;
				ENABLE_TESTABILITY = YES;
				GCC_C_LANGUAGE_STANDARD = gnu11;
				GCC_DYNAMIC_NO_PIC = NO;
				GCC_NO_COMMON_BLOCKS = YES;
				GCC_OPTIMIZATION_LEVEL = 0;
				GCC_PREPROCESSOR_DEFINITIONS = (
					"DEBUG=1",
					"$(inherited)",
				);
				GCC_WARN_64_TO_32_BIT_CONVERSION = YES;
				GCC_WARN_ABOUT_RETURN_TYPE = YES_ERROR;
				GCC_WARN_UNDECLARED_SELECTOR = YES;
				GCC_WARN_UNINITIALIZED_AUTOS = YES_AGGRESSIVE;
				GCC_WARN_UNUSED_FUNCTION = YES;
				GCC_WARN_UNUSED_VARIABLE = YES;
				IPHONEOS_DEPLOYMENT_TARGET = 16.1;
				MTL_ENABLE_DEBUG_INFO = INCLUDE_SOURCE;
				MTL_FAST_MATH = YES;
				ONLY_ACTIVE_ARCH = YES;
				SDKROOT = iphoneos;
				SWIFT_ACTIVE_COMPILATION_CONDITIONS = DEBUG;
				SWIFT_OPTIMIZATION_LEVEL = "-Onone";
			};
			name = Debug;
		};
		D1BAFB63291D3FBF007194C5 /* Release */ = {
			isa = XCBuildConfiguration;
			buildSettings = {
				ALWAYS_SEARCH_USER_PATHS = NO;
				CLANG_ANALYZER_NONNULL = YES;
				CLANG_ANALYZER_NUMBER_OBJECT_CONVERSION = YES_AGGRESSIVE;
				CLANG_CXX_LANGUAGE_STANDARD = "gnu++20";
				CLANG_ENABLE_MODULES = YES;
				CLANG_ENABLE_OBJC_ARC = YES;
				CLANG_ENABLE_OBJC_WEAK = YES;
				CLANG_WARN_BLOCK_CAPTURE_AUTORELEASING = YES;
				CLANG_WARN_BOOL_CONVERSION = YES;
				CLANG_WARN_COMMA = YES;
				CLANG_WARN_CONSTANT_CONVERSION = YES;
				CLANG_WARN_DEPRECATED_OBJC_IMPLEMENTATIONS = YES;
				CLANG_WARN_DIRECT_OBJC_ISA_USAGE = YES_ERROR;
				CLANG_WARN_DOCUMENTATION_COMMENTS = YES;
				CLANG_WARN_EMPTY_BODY = YES;
				CLANG_WARN_ENUM_CONVERSION = YES;
				CLANG_WARN_INFINITE_RECURSION = YES;
				CLANG_WARN_INT_CONVERSION = YES;
				CLANG_WARN_NON_LITERAL_NULL_CONVERSION = YES;
				CLANG_WARN_OBJC_IMPLICIT_RETAIN_SELF = YES;
				CLANG_WARN_OBJC_LITERAL_CONVERSION = YES;
				CLANG_WARN_OBJC_ROOT_CLASS = YES_ERROR;
				CLANG_WARN_QUOTED_INCLUDE_IN_FRAMEWORK_HEADER = YES;
				CLANG_WARN_RANGE_LOOP_ANALYSIS = YES;
				CLANG_WARN_STRICT_PROTOTYPES = YES;
				CLANG_WARN_SUSPICIOUS_MOVE = YES;
				CLANG_WARN_UNGUARDED_AVAILABILITY = YES_AGGRESSIVE;
				CLANG_WARN_UNREACHABLE_CODE = YES;
				CLANG_WARN__DUPLICATE_METHOD_MATCH = YES;
				COPY_PHASE_STRIP = NO;
				DEBUG_INFORMATION_FORMAT = "dwarf-with-dsym";
				ENABLE_NS_ASSERTIONS = NO;
				ENABLE_STRICT_OBJC_MSGSEND = YES;
				GCC_C_LANGUAGE_STANDARD = gnu11;
				GCC_NO_COMMON_BLOCKS = YES;
				GCC_WARN_64_TO_32_BIT_CONVERSION = YES;
				GCC_WARN_ABOUT_RETURN_TYPE = YES_ERROR;
				GCC_WARN_UNDECLARED_SELECTOR = YES;
				GCC_WARN_UNINITIALIZED_AUTOS = YES_AGGRESSIVE;
				GCC_WARN_UNUSED_FUNCTION = YES;
				GCC_WARN_UNUSED_VARIABLE = YES;
				IPHONEOS_DEPLOYMENT_TARGET = 16.1;
				MTL_ENABLE_DEBUG_INFO = NO;
				MTL_FAST_MATH = YES;
				SDKROOT = iphoneos;
				SWIFT_COMPILATION_MODE = wholemodule;
				SWIFT_OPTIMIZATION_LEVEL = "-O";
				VALIDATE_PRODUCT = YES;
			};
			name = Release;
		};
		D1BAFB65291D3FBF007194C5 /* Debug */ = {
			isa = XCBuildConfiguration;
			baseConfigurationReference = 49EFACD31BFE6198AE844676 /* Pods-vamosPraOndeApp.debug.xcconfig */;
			buildSettings = {
				ASSETCATALOG_COMPILER_APPICON_NAME = AppIcon;
				ASSETCATALOG_COMPILER_GLOBAL_ACCENT_COLOR_NAME = AccentColor;
				CODE_SIGN_ENTITLEMENTS = vamosPraOndeApp/vamosPraOndeApp.entitlements;
				CODE_SIGN_STYLE = Automatic;
				CURRENT_PROJECT_VERSION = 6;
				DEVELOPMENT_TEAM = YUJ28KYKT3;
				GENERATE_INFOPLIST_FILE = YES;
				INFOPLIST_FILE = vamosPraOndeApp/Info.plist;
				INFOPLIST_KEY_CFBundleDisplayName = "vamos pra onde?";
				INFOPLIST_KEY_LSApplicationCategoryType = "public.app-category.travel";
				INFOPLIST_KEY_UIApplicationSupportsIndirectInputEvents = YES;
				INFOPLIST_KEY_UILaunchStoryboardName = LaunchScreen;
				INFOPLIST_KEY_UISupportedInterfaceOrientations_iPad = "UIInterfaceOrientationPortrait UIInterfaceOrientationPortraitUpsideDown UIInterfaceOrientationLandscapeLeft UIInterfaceOrientationLandscapeRight";
				INFOPLIST_KEY_UISupportedInterfaceOrientations_iPhone = "UIInterfaceOrientationPortrait UIInterfaceOrientationLandscapeLeft UIInterfaceOrientationLandscapeRight";
				IPHONEOS_DEPLOYMENT_TARGET = 17.0;
				LD_RUNPATH_SEARCH_PATHS = (
					"$(inherited)",
					"@executable_path/Frameworks",
				);
				MARKETING_VERSION = 1.0;
				PRODUCT_BUNDLE_IDENTIFIER = ronaldoribeiro.vamosPraOndeApp;
				PRODUCT_NAME = "$(TARGET_NAME)";
				SWIFT_EMIT_LOC_STRINGS = YES;
				SWIFT_VERSION = 5.0;
				TARGETED_DEVICE_FAMILY = "1,2";
			};
			name = Debug;
		};
		D1BAFB66291D3FBF007194C5 /* Release */ = {
			isa = XCBuildConfiguration;
			baseConfigurationReference = B483464773C9CBA3A2498537 /* Pods-vamosPraOndeApp.release.xcconfig */;
			buildSettings = {
				ASSETCATALOG_COMPILER_APPICON_NAME = AppIcon;
				ASSETCATALOG_COMPILER_GLOBAL_ACCENT_COLOR_NAME = AccentColor;
				CODE_SIGN_ENTITLEMENTS = vamosPraOndeApp/vamosPraOndeApp.entitlements;
				CODE_SIGN_STYLE = Automatic;
				CURRENT_PROJECT_VERSION = 6;
				DEVELOPMENT_TEAM = YUJ28KYKT3;
				GENERATE_INFOPLIST_FILE = YES;
				INFOPLIST_FILE = vamosPraOndeApp/Info.plist;
				INFOPLIST_KEY_CFBundleDisplayName = "vamos pra onde?";
				INFOPLIST_KEY_LSApplicationCategoryType = "public.app-category.travel";
				INFOPLIST_KEY_UIApplicationSupportsIndirectInputEvents = YES;
				INFOPLIST_KEY_UILaunchStoryboardName = LaunchScreen;
				INFOPLIST_KEY_UISupportedInterfaceOrientations_iPad = "UIInterfaceOrientationPortrait UIInterfaceOrientationPortraitUpsideDown UIInterfaceOrientationLandscapeLeft UIInterfaceOrientationLandscapeRight";
				INFOPLIST_KEY_UISupportedInterfaceOrientations_iPhone = "UIInterfaceOrientationPortrait UIInterfaceOrientationLandscapeLeft UIInterfaceOrientationLandscapeRight";
				IPHONEOS_DEPLOYMENT_TARGET = 17.0;
				LD_RUNPATH_SEARCH_PATHS = (
					"$(inherited)",
					"@executable_path/Frameworks",
				);
				MARKETING_VERSION = 1.0;
				PRODUCT_BUNDLE_IDENTIFIER = ronaldoribeiro.vamosPraOndeApp;
				PRODUCT_NAME = "$(TARGET_NAME)";
				SWIFT_EMIT_LOC_STRINGS = YES;
				SWIFT_VERSION = 5.0;
				TARGETED_DEVICE_FAMILY = "1,2";
			};
			name = Release;
		};
/* End XCBuildConfiguration section */

/* Begin XCConfigurationList section */
		329AF6FC0E217C59F7B7BF41 /* Build configuration list for PBXNativeTarget "VamosWidget" */ = {
			isa = XCConfigurationList;
			buildConfigurations = (
				7B363475DE3AB447FDC09F24 /* Release */,
				31DD634BEF1422FC351A5740 /* Debug */,
			);
			defaultConfigurationIsVisible = 0;
			defaultConfigurationName = Release;
		};
		D1BAFB4B291D3FBD007194C5 /* Build configuration list for PBXProject "vamosPraOndeApp" */ = {
			isa = XCConfigurationList;
			buildConfigurations = (
				D1BAFB62291D3FBF007194C5 /* Debug */,
				D1BAFB63291D3FBF007194C5 /* Release */,
			);
			defaultConfigurationIsVisible = 0;
			defaultConfigurationName = Release;
		};
		D1BAFB64291D3FBF007194C5 /* Build configuration list for PBXNativeTarget "vamosPraOndeApp" */ = {
			isa = XCConfigurationList;
			buildConfigurations = (
				D1BAFB65291D3FBF007194C5 /* Debug */,
				D1BAFB66291D3FBF007194C5 /* Release */,
			);
			defaultConfigurationIsVisible = 0;
			defaultConfigurationName = Release;
		};
		F0D275BE9608C981744BA941 /* Build configuration list for PBXNativeTarget "vamosPraOndeAppTests" */ = {
			isa = XCConfigurationList;
			buildConfigurations = (
				6E3BE41FEC088F3DC54522EE /* Release */,
				A725113224C0DBD987F8B951 /* Debug */,
			);
			defaultConfigurationIsVisible = 0;
			defaultConfigurationName = Release;
		};
/* End XCConfigurationList section */
	};
	rootObject = D1BAFB48291D3FBD007194C5 /* Project object */;
}
